{"format_version":"1.0","provider_schemas":{"registry.terraform.io/opalsecurity/opal":{"provider":{"version":0,"block":{"attributes":{"bearer_auth":{"type":"string","description_kind":"plain","optional":true,"sensitive":true},"http_headers":{"type":["map","string"],"description":"HTTP headers to include in all requests","description_kind":"plain","optional":true},"server_url":{"type":"string","description":"Server URL (defaults to https://api.opal.dev/v1)","description_kind":"plain","optional":true}},"description":"Opal API: The Opal API is a RESTful API that allows you to interact with the Opal Security platform programmatically.","description_kind":"markdown"}},"resource_schemas":{"opal_configuration_template":{"version":0,"block":{"attributes":{"admin_owner_id":{"type":"string","description":"The ID of the owner of the configuration template.","description_kind":"plain","required":true},"break_glass_user_ids":{"type":["set","string"],"description":"The IDs of the break glass users linked to the configuration template.","description_kind":"plain","optional":true,"computed":true},"configuration_template_id":{"type":"string","description":"The ID of the configuration template.","description_kind":"plain","computed":true},"custom_request_notification":{"type":"string","description":"Custom request notification sent upon request approval for this configuration template.","description_kind":"plain","optional":true,"computed":true},"linked_audit_message_channel_ids":{"type":["set","string"],"description":"The IDs of the audit message channels linked to the configuration template.","description_kind":"plain","optional":true,"computed":true},"member_oncall_schedule_ids":{"type":["set","string"],"description":"The IDs of the on-call schedules linked to the configuration template.","description_kind":"plain","optional":true,"computed":true},"name":{"type":"string","description":"The name of the configuration template.","description_kind":"plain","required":true},"request_configuration_id":{"type":"string","description":"The ID of the request configuration linked to the configuration template.","description_kind":"plain","computed":true},"request_configurations":{"nested_type":{"attributes":{"allow_requests":{"type":"bool","description":"A bool representing whether or not to allow requests for this resource.","description_kind":"plain","required":true},"auto_approval":{"type":"bool","description":"A bool representing whether or not to automatically approve requests for this resource.","description_kind":"plain","required":true},"condition":{"nested_type":{"attributes":{"group_ids":{"type":["set","string"],"description":"The list of group IDs to match.","description_kind":"plain","optional":true,"computed":true},"role_remote_ids":{"type":["set","string"],"description":"The list of role remote IDs to match.","description_kind":"plain","optional":true,"computed":true}},"nesting_mode":"single"},"description_kind":"plain","optional":true},"max_duration":{"type":"number","description":"The maximum duration for which the resource can be requested (in minutes).","description_kind":"plain","optional":true},"priority":{"type":"number","description":"The priority of the request configuration.","description_kind":"plain","required":true},"recommended_duration":{"type":"number","description":"The recommended duration for which the resource should be requested (in minutes). -1 represents an indefinite duration.","description_kind":"plain","optional":true},"request_template_id":{"type":"string","description":"The ID of the associated request template.","description_kind":"plain","optional":true},"require_mfa_to_request":{"type":"bool","description":"A bool representing whether or not to require MFA for requesting access to this resource.","description_kind":"plain","required":true},"require_support_ticket":{"type":"bool","description":"A bool representing whether or not access requests to the resource require an access ticket.","description_kind":"plain","required":true},"reviewer_stages":{"nested_type":{"attributes":{"operator":{"type":"string","description":"The operator of the reviewer stage. Admin and manager approval are also treated as reviewers. Default: \"AND\"; must be one of [\"AND\", \"OR\"]","description_kind":"plain","optional":true,"computed":true},"owner_ids":{"type":["set","string"],"description_kind":"plain","required":true},"require_admin_approval":{"type":"bool","description":"Whether this reviewer stage should require admin approval.","description_kind":"plain","optional":true},"require_manager_approval":{"type":"bool","description":"Whether this reviewer stage should require manager approval.","description_kind":"plain","required":true}},"nesting_mode":"list"},"description":"The list of reviewer stages for the request configuration.","description_kind":"plain","optional":true}},"nesting_mode":"list"},"description":"The request configuration list of the configuration template. If not provided, the default request configuration will be used.","description_kind":"plain","optional":true},"require_mfa_to_approve":{"type":"bool","description":"A bool representing whether or not to require MFA for reviewers to approve requests for this configuration template. Default: false","description_kind":"plain","optional":true,"computed":true},"require_mfa_to_connect":{"type":"bool","description":"A bool representing whether or not to require MFA to connect to resources associated with this configuration template.","description_kind":"plain","required":true},"ticket_propagation":{"nested_type":{"attributes":{"enabled_on_grant":{"type":"bool","description":"Not Null","description_kind":"plain","optional":true,"computed":true},"enabled_on_revocation":{"type":"bool","description":"Not Null","description_kind":"plain","optional":true,"computed":true},"ticket_project_id":{"type":"string","description_kind":"plain","optional":true,"computed":true},"ticket_provider":{"type":"string","description":"The third party ticketing platform provider. must be one of [\"JIRA\", \"LINEAR\", \"SERVICE_NOW\"]","description_kind":"plain","optional":true,"computed":true}},"nesting_mode":"single"},"description":"Configuration for ticket propagation, when enabled, a ticket will be created for access changes related to the users in this resource.","description_kind":"plain","optional":true,"computed":true},"visibility":{"nested_type":{"attributes":{"visibility":{"type":"string","description":"The visibility level of the entity. must be one of [\"GLOBAL\", \"LIMITED\"]","description_kind":"plain","required":true},"visibility_group_ids":{"type":["set","string"],"description_kind":"plain","optional":true,"computed":true}},"nesting_mode":"single"},"description":"Visibility infomation of an entity.","description_kind":"plain","required":true}},"description":"ConfigurationTemplate Resource","description_kind":"markdown"}},"opal_group":{"version":1,"block":{"attributes":{"admin_owner_id":{"type":"string","description":"The ID of the owner of the group.","description_kind":"plain","optional":true,"computed":true},"app_id":{"type":"string","description":"The ID of the app for the group. Requires replacement if changed.","description_kind":"plain","required":true},"custom_request_notification":{"type":"string","description":"Custom request notification sent upon request approval.","description_kind":"plain","optional":true,"computed":true},"description":{"type":"string","description":"A description of the remote group.","description_kind":"plain","optional":true,"computed":true},"group_binding_id":{"type":"string","description":"The ID of the associated group binding.","description_kind":"plain","computed":true},"group_leader_user_ids":{"type":["set","string"],"description":"A list of User IDs for the group leaders of the group","description_kind":"plain","optional":true,"computed":true},"group_type":{"type":"string","description":"The type of the group. must be one of [\"ACTIVE_DIRECTORY_GROUP\", \"AWS_SSO_GROUP\", \"DATABRICKS_ACCOUNT_GROUP\", \"DUO_GROUP\", \"GIT_HUB_TEAM\", \"GIT_LAB_GROUP\", \"GOOGLE_GROUPS_GROUP\", \"GOOGLE_GROUPS_GKE_GROUP\", \"LDAP_GROUP\", \"OKTA_GROUP\", \"OKTA_GROUP_RULE\", \"TAILSCALE_GROUP\", \"OPAL_GROUP\", \"OPAL_ACCESS_RULE\", \"AZURE_AD_SECURITY_GROUP\", \"AZURE_AD_MICROSOFT_365_GROUP\", \"CONNECTOR_GROUP\", \"SNOWFLAKE_ROLE\", \"WORKDAY_USER_SECURITY_GROUP\"]; Requires replacement if changed.","description_kind":"plain","required":true},"id":{"type":"string","description":"The ID of the group.","description_kind":"plain","computed":true},"message_channel_ids":{"type":["set","string"],"description_kind":"plain","optional":true,"computed":true},"message_channels":{"nested_type":{"attributes":{"channels":{"nested_type":{"attributes":{"id":{"type":"string","description":"The ID of the message channel.","description_kind":"plain","computed":true},"is_private":{"type":"bool","description":"A bool representing whether or not the message channel is private.","description_kind":"plain","computed":true},"name":{"type":"string","description":"The name of the message channel.","description_kind":"plain","computed":true},"remote_id":{"type":"string","description":"The remote ID of the message channel","description_kind":"plain","computed":true},"third_party_provider":{"type":"string","description":"The third party provider of the message channel. must be \"SLACK\"","description_kind":"plain","computed":true}},"nesting_mode":"list"},"description_kind":"plain","computed":true}},"nesting_mode":"single"},"description":"The audit and reviewer message channels attached to the group.","description_kind":"plain","computed":true},"name":{"type":"string","description":"The name of the remote group.","description_kind":"plain","required":true},"on_call_schedule_ids":{"type":["set","string"],"description_kind":"plain","optional":true,"computed":true},"oncall_schedules":{"nested_type":{"attributes":{"id":{"type":"string","description":"The ID of the on-call schedule.","description_kind":"plain","computed":true},"name":{"type":"string","description":"The name of the on call schedule.","description_kind":"plain","computed":true},"remote_id":{"type":"string","description":"The remote ID of the on call schedule","description_kind":"plain","computed":true},"third_party_provider":{"type":"string","description":"The third party provider of the on call schedule. must be one of [\"OPSGENIE\", \"PAGER_DUTY\"]","description_kind":"plain","computed":true}},"nesting_mode":"single"},"description":"The on call schedules attached to the group.","description_kind":"plain","computed":true},"remote_info":{"nested_type":{"attributes":{"active_directory_group":{"nested_type":{"attributes":{"group_id":{"type":"string","description":"The id of the Google group. Not Null; Requires replacement if changed.","description_kind":"plain","optional":true,"computed":true}},"nesting_mode":"single"},"description":"Remote info for Active Directory group. Requires replacement if changed.","description_kind":"plain","optional":true,"computed":true},"azure_ad_microsoft_365_group":{"nested_type":{"attributes":{"group_id":{"type":"string","description":"The id of the Microsoft Entra ID Microsoft 365 group. Not Null; Requires replacement if changed.","description_kind":"plain","optional":true,"computed":true}},"nesting_mode":"single"},"description":"Remote info for Microsoft Entra ID Microsoft 365 group. Requires replacement if changed.","description_kind":"plain","optional":true,"computed":true},"azure_ad_security_group":{"nested_type":{"attributes":{"group_id":{"type":"string","description":"The id of the Microsoft Entra ID Security group. Not Null; Requires replacement if changed.","description_kind":"plain","optional":true,"computed":true}},"nesting_mode":"single"},"description":"Remote info for Microsoft Entra ID Security group. Requires replacement if changed.","description_kind":"plain","optional":true,"computed":true},"duo_group":{"nested_type":{"attributes":{"group_id":{"type":"string","description":"The id of the Duo Security group. Not Null; Requires replacement if changed.","description_kind":"plain","optional":true,"computed":true}},"nesting_mode":"single"},"description":"Remote info for Duo Security group. Requires replacement if changed.","description_kind":"plain","optional":true,"computed":true},"github_team":{"nested_type":{"attributes":{"team_slug":{"type":"string","description":"The slug of the GitHub team. Not Null; Requires replacement if changed.","description_kind":"plain","optional":true,"computed":true}},"nesting_mode":"single"},"description":"Remote info for GitHub team. Requires replacement if changed.","description_kind":"plain","optional":true,"computed":true},"gitlab_group":{"nested_type":{"attributes":{"group_id":{"type":"string","description":"The id of the Gitlab group. Not Null; Requires replacement if changed.","description_kind":"plain","optional":true,"computed":true}},"nesting_mode":"single"},"description":"Remote info for Gitlab group. Requires replacement if changed.","description_kind":"plain","optional":true,"computed":true},"google_group":{"nested_type":{"attributes":{"group_id":{"type":"string","description":"The id of the Google group. Not Null; Requires replacement if changed.","description_kind":"plain","optional":true,"computed":true}},"nesting_mode":"single"},"description":"Remote info for Google group. Requires replacement if changed.","description_kind":"plain","optional":true,"computed":true},"ldap_group":{"nested_type":{"attributes":{"group_id":{"type":"string","description":"The id of the LDAP group. Not Null; Requires replacement if changed.","description_kind":"plain","optional":true,"computed":true}},"nesting_mode":"single"},"description":"Remote info for LDAP group. Requires replacement if changed.","description_kind":"plain","optional":true,"computed":true},"okta_group":{"nested_type":{"attributes":{"group_id":{"type":"string","description":"The id of the Okta Directory group. Not Null; Requires replacement if changed.","description_kind":"plain","optional":true,"computed":true}},"nesting_mode":"single"},"description":"Remote info for Okta Directory group. Requires replacement if changed.","description_kind":"plain","optional":true,"computed":true}},"nesting_mode":"single"},"description":"Information that defines the remote group. This replaces the deprecated remote_id and metadata fields. Requires replacement if changed.","description_kind":"plain","optional":true,"computed":true},"remote_name":{"type":"string","description":"The name of the remote.","description_kind":"plain","computed":true},"request_configurations":{"nested_type":{"attributes":{"allow_requests":{"type":"bool","description":"A bool representing whether or not to allow requests for this resource. Not Null","description_kind":"plain","optional":true,"computed":true},"auto_approval":{"type":"bool","description":"A bool representing whether or not to automatically approve requests for this resource. Not Null","description_kind":"plain","optional":true,"computed":true},"condition":{"nested_type":{"attributes":{"group_ids":{"type":["set","string"],"description":"The list of group IDs to match.","description_kind":"plain","optional":true,"computed":true},"role_remote_ids":{"type":["set","string"],"description":"The list of role remote IDs to match.","description_kind":"plain","optional":true,"computed":true}},"nesting_mode":"single"},"description_kind":"plain","optional":true,"computed":true},"max_duration":{"type":"number","description":"The maximum duration for which the resource can be requested (in minutes).","description_kind":"plain","optional":true,"computed":true},"priority":{"type":"number","description":"The priority of the request configuration. Not Null","description_kind":"plain","optional":true,"computed":true},"recommended_duration":{"type":"number","description":"The recommended duration for which the resource should be requested (in minutes). -1 represents an indefinite duration.","description_kind":"plain","optional":true,"computed":true},"request_template_id":{"type":"string","description":"The ID of the associated request template.","description_kind":"plain","optional":true,"computed":true},"require_mfa_to_request":{"type":"bool","description":"A bool representing whether or not to require MFA for requesting access to this resource. Not Null","description_kind":"plain","optional":true,"computed":true},"require_support_ticket":{"type":"bool","description":"A bool representing whether or not access requests to the resource require an access ticket. Not Null","description_kind":"plain","optional":true,"computed":true},"reviewer_stages":{"nested_type":{"attributes":{"operator":{"type":"string","description":"The operator of the reviewer stage. Admin and manager approval are also treated as reviewers. Default: \"AND\"; must be one of [\"AND\", \"OR\"]","description_kind":"plain","optional":true,"computed":true},"owner_ids":{"type":["set","string"],"description":"Not Null","description_kind":"plain","optional":true,"computed":true},"require_admin_approval":{"type":"bool","description":"Whether this reviewer stage should require admin approval.","description_kind":"plain","optional":true,"computed":true},"require_manager_approval":{"type":"bool","description":"Whether this reviewer stage should require manager approval. Not Null","description_kind":"plain","optional":true,"computed":true}},"nesting_mode":"list"},"description":"The list of reviewer stages for the request configuration.","description_kind":"plain","optional":true,"computed":true}},"nesting_mode":"list"},"description":"The request configuration list of the configuration template. If not provided, the default request configuration will be used.","description_kind":"plain","required":true},"require_mfa_to_approve":{"type":"bool","description":"A bool representing whether or not to require MFA for reviewers to approve requests for this group. Default: false","description_kind":"plain","optional":true,"computed":true},"risk_sensitivity":{"type":"string","description":"The risk sensitivity level for the group. When an override is set, this field will match that. must be one of [\"UNKNOWN\", \"CRITICAL\", \"HIGH\", \"MEDIUM\", \"LOW\", \"NONE\"]","description_kind":"plain","computed":true},"risk_sensitivity_override":{"type":"string","description":"Indicates the level of potential impact misuse or unauthorized access may incur. must be one of [\"UNKNOWN\", \"CRITICAL\", \"HIGH\", \"MEDIUM\", \"LOW\", \"NONE\"]","description_kind":"plain","optional":true,"computed":true},"visibility":{"type":"string","description":"The visibility level of the entity. must be one of [\"GLOBAL\", \"LIMITED\"]","description_kind":"plain","required":true},"visibility_group_ids":{"type":["set","string"],"description_kind":"plain","optional":true,"computed":true}},"description":"Group Resource","description_kind":"markdown"}},"opal_group_resource_list":{"version":0,"block":{"attributes":{"group_id":{"type":"string","description":"The ID of the group.","description_kind":"plain","required":true},"group_resources":{"nested_type":{"attributes":{"access_level":{"nested_type":{"attributes":{"access_level_name":{"type":"string","description":"The human-readable name of the access level.","description_kind":"plain","computed":true},"access_level_remote_id":{"type":"string","description":"The machine-readable identifier of the access level.","description_kind":"plain","computed":true}},"nesting_mode":"single"},"description":"# Access Level Object\n### Description\nThe `AccessLevel` object is used to represent the level of access that a principal has. The \"default\" access\nlevel is a `AccessLevel` object whose fields are all empty strings.\n\n### Usage Example\nView the `AccessLevel` of a resource/user or resource/group pair to see the level of access granted to the resource.","description_kind":"markdown","computed":true},"group_id":{"type":"string","description":"The ID of the group.","description_kind":"plain","computed":true},"resource_id":{"type":"string","description":"The ID of the resource.","description_kind":"plain","computed":true}},"nesting_mode":"list"},"description_kind":"plain","computed":true},"resources":{"nested_type":{"attributes":{"access_level_remote_id":{"type":"string","description":"The ID of the resource.","description_kind":"plain","optional":true},"resource_id":{"type":"string","description":"The ID of the resource.","description_kind":"plain","required":true}},"nesting_mode":"list"},"description_kind":"plain","required":true}},"description":"GroupResourceList Resource","description_kind":"markdown"}},"opal_group_tag":{"version":0,"block":{"attributes":{"group_id":{"type":"string","description":"The ID of the group to apply the tag to. Requires replacement if changed.","description_kind":"plain","required":true},"tag_id":{"type":"string","description":"The ID of the tag to apply. Requires replacement if changed.","description_kind":"plain","required":true}},"description":"GroupTag Resource","description_kind":"markdown"}},"opal_group_user":{"version":0,"block":{"attributes":{"access_level":{"nested_type":{"attributes":{"access_level_name":{"type":"string","description":"The human-readable name of the access level.","description_kind":"plain","computed":true},"access_level_remote_id":{"type":"string","description":"The machine-readable identifier of the access level.","description_kind":"plain","computed":true}},"nesting_mode":"single"},"description":"# Access Level Object\n### Description\nThe `GroupAccessLevel` object is used to represent the level of access that a user has to a group or a group has to a group. The \"default\" access\nlevel is a `GroupAccessLevel` object whose fields are all empty strings.\n\n### Usage Example\nView the `GroupAccessLevel` of a group/user or group/group pair to see the level of access granted to the group.","description_kind":"markdown","computed":true},"access_level_remote_id":{"type":"string","description":"The remote ID of the access level to grant to this user. If omitted, the default access level remote ID value (empty string) is used. Requires replacement if changed.","description_kind":"plain","optional":true},"duration_minutes":{"type":"number","description":"Must be set to 0. Any nonzerovalue in terraform does not make sense. Default: 0; must be \"0\"; Requires replacement if changed.","description_kind":"plain","optional":true,"computed":true},"email":{"type":"string","description":"The user's email.","description_kind":"plain","computed":true},"expiration_date":{"type":"string","description":"The day and time the user's access will expire.","description_kind":"plain","computed":true},"full_name":{"type":"string","description":"The user's full name.","description_kind":"plain","computed":true},"group_id":{"type":"string","description":"The ID of the group. Requires replacement if changed.","description_kind":"plain","required":true},"propagation_status":{"nested_type":{"attributes":{"status":{"type":"string","description":"The status of whether the user has been synced to the group or resource in the remote system. must be one of [\"SUCCESS\", \"ERR_REMOTE_INTERNAL_ERROR\", \"ERR_REMOTE_USER_NOT_FOUND\", \"ERR_REMOTE_USER_NOT_LINKED\", \"ERR_REMOTE_RESOURCE_NOT_FOUND\", \"ERR_REMOTE_THROTTLE\", \"ERR_NOT_AUTHORIZED_TO_QUERY_RESOURCE\", \"ERR_REMOTE_PROVISIONING_VIA_IDP_FAILED\", \"ERR_IDP_EMAIL_UPDATE_CONFLICT\", \"ERR_TIMEOUT\", \"ERR_UNKNOWN\", \"ERR_OPAL_INTERNAL_ERROR\", \"ERR_ORG_READ_ONLY\", \"ERR_OPERATION_UNSUPPORTED\", \"PENDING\", \"PENDING_MANUAL_PROPAGATION\", \"PENDING_TICKET_CREATION\", \"ERR_TICKET_CREATION_SKIPPED\", \"ERR_DRY_RUN_MODE_ENABLED\", \"ERR_HR_IDP_PROVIDER_NOT_LINKED\", \"ERR_REMOTE_UNRECOVERABLE_ERROR\"]","description_kind":"plain","computed":true}},"nesting_mode":"single"},"description":"The state of whether the push action was propagated to the remote system. If this is null, the access was synced from the remote system.","description_kind":"plain","computed":true},"user_id":{"type":"string","description":"The ID of the user to add. Requires replacement if changed.","description_kind":"plain","required":true}},"description":"GroupUser Resource","description_kind":"markdown"}},"opal_message_channel":{"version":0,"block":{"attributes":{"id":{"type":"string","description":"The ID of the message channel.","description_kind":"plain","computed":true},"is_private":{"type":"bool","description":"A bool representing whether or not the message channel is private.","description_kind":"plain","computed":true},"name":{"type":"string","description":"The name of the message channel.","description_kind":"plain","computed":true},"remote_id":{"type":"string","description":"The remote ID of the message channel. Requires replacement if changed.","description_kind":"plain","required":true},"third_party_provider":{"type":"string","description":"The third party provider of the message channel. must be \"SLACK\"; Requires replacement if changed.","description_kind":"plain","required":true}},"description":"MessageChannel Resource","description_kind":"markdown"}},"opal_on_call_schedule":{"version":0,"block":{"attributes":{"id":{"type":"string","description":"The ID of the on-call schedule.","description_kind":"plain","computed":true},"name":{"type":"string","description":"The name of the on call schedule.","description_kind":"plain","computed":true},"remote_id":{"type":"string","description":"The remote ID of the on call schedule. Requires replacement if changed.","description_kind":"plain","required":true},"third_party_provider":{"type":"string","description":"The third party provider of the on call schedule. must be one of [\"OPSGENIE\", \"PAGER_DUTY\"]; Requires replacement if changed.","description_kind":"plain","required":true}},"description":"OnCallSchedule Resource","description_kind":"markdown"}},"opal_owner":{"version":0,"block":{"attributes":{"access_request_escalation_period":{"type":"number","description":"The amount of time (in minutes) before the next reviewer is notified. Use 0 to remove escalation policy.","description_kind":"plain","optional":true,"computed":true},"description":{"type":"string","description":"A description of the owner.","description_kind":"plain","optional":true,"computed":true},"id":{"type":"string","description":"The ID of the owner.","description_kind":"plain","computed":true},"name":{"type":"string","description":"The name of the owner.","description_kind":"plain","required":true},"reviewer_message_channel_id":{"type":"string","description":"The message channel id for the reviewer channel.","description_kind":"plain","optional":true,"computed":true},"source_group_id":{"type":"string","description":"Sync this owner's user list with a source group.","description_kind":"plain","optional":true,"computed":true},"user_ids":{"type":["set","string"],"description":"Users to add to the created owner. If setting a source_group_id this list must be empty.","description_kind":"plain","required":true}},"description":"Owner Resource","description_kind":"markdown"}},"opal_resource":{"version":1,"block":{"attributes":{"admin_owner_id":{"type":"string","description":"The ID of the owner of the resource.","description_kind":"plain","optional":true,"computed":true},"app_id":{"type":"string","description":"The ID of the app for the resource. Requires replacement if changed.","description_kind":"plain","required":true},"custom_request_notification":{"type":"string","description":"Custom request notification sent upon request approval.","description_kind":"plain","optional":true,"computed":true},"description":{"type":"string","description":"A description of the remote resource.","description_kind":"plain","optional":true,"computed":true},"id":{"type":"string","description":"The ID of the resource.","description_kind":"plain","computed":true},"name":{"type":"string","description":"The name of the remote resource.","description_kind":"plain","required":true},"parent_resource_id":{"type":"string","description":"The ID of the parent resource.","description_kind":"plain","computed":true},"remote_info":{"nested_type":{"attributes":{"aws_account":{"nested_type":{"attributes":{"account_id":{"type":"string","description":"The id of the AWS account. Not Null; Requires replacement if changed.","description_kind":"plain","optional":true,"computed":true}},"nesting_mode":"single"},"description":"Remote info for AWS account. Requires replacement if changed.","description_kind":"plain","optional":true,"computed":true},"aws_ec2_instance":{"nested_type":{"attributes":{"account_id":{"type":"string","description":"The id of the AWS account. Required for AWS Organizations. Requires replacement if changed.","description_kind":"plain","optional":true,"computed":true},"instance_id":{"type":"string","description":"The instanceId of the EC2 instance. Not Null; Requires replacement if changed.","description_kind":"plain","optional":true,"computed":true},"region":{"type":"string","description":"The region of the EC2 instance. Not Null; Requires replacement if changed.","description_kind":"plain","optional":true,"computed":true}},"nesting_mode":"single"},"description":"Remote info for AWS EC2 instance. Requires replacement if changed.","description_kind":"plain","optional":true,"computed":true},"aws_eks_cluster":{"nested_type":{"attributes":{"account_id":{"type":"string","description":"The id of the AWS account. Required for AWS Organizations. Requires replacement if changed.","description_kind":"plain","optional":true,"computed":true},"arn":{"type":"string","description":"The ARN of the EKS cluster. Not Null; Requires replacement if changed.","description_kind":"plain","optional":true,"computed":true}},"nesting_mode":"single"},"description":"Remote info for AWS EKS cluster. Requires replacement if changed.","description_kind":"plain","optional":true,"computed":true},"aws_iam_role":{"nested_type":{"attributes":{"account_id":{"type":"string","description":"The id of the AWS account. Required for AWS Organizations. Requires replacement if changed.","description_kind":"plain","optional":true,"computed":true},"arn":{"type":"string","description":"The ARN of the IAM role. Not Null; Requires replacement if changed.","description_kind":"plain","optional":true,"computed":true}},"nesting_mode":"single"},"description":"Remote info for AWS IAM role. Requires replacement if changed.","description_kind":"plain","optional":true,"computed":true},"aws_permission_set":{"nested_type":{"attributes":{"account_id":{"type":"string","description":"The ID of an AWS account to which this permission set is provisioned. Not Null; Requires replacement if changed.","description_kind":"plain","optional":true,"computed":true},"arn":{"type":"string","description":"The ARN of the permission set. Not Null; Requires replacement if changed.","description_kind":"plain","optional":true,"computed":true}},"nesting_mode":"single"},"description":"Remote info for AWS Identity Center permission set. Requires replacement if changed.","description_kind":"plain","optional":true,"computed":true},"aws_rds_instance":{"nested_type":{"attributes":{"account_id":{"type":"string","description":"The id of the AWS account. Required for AWS Organizations. Requires replacement if changed.","description_kind":"plain","optional":true,"computed":true},"instance_id":{"type":"string","description":"The instanceId of the RDS instance. Not Null; Requires replacement if changed.","description_kind":"plain","optional":true,"computed":true},"region":{"type":"string","description":"The region of the RDS instance. Not Null; Requires replacement if changed.","description_kind":"plain","optional":true,"computed":true},"resource_id":{"type":"string","description":"The resourceId of the RDS instance. Not Null; Requires replacement if changed.","description_kind":"plain","optional":true,"computed":true}},"nesting_mode":"single"},"description":"Remote info for AWS RDS instance. Requires replacement if changed.","description_kind":"plain","optional":true,"computed":true},"gcp_big_query_dataset":{"nested_type":{"attributes":{"dataset_id":{"type":"string","description":"The id of the dataset. Not Null; Requires replacement if changed.","description_kind":"plain","optional":true,"computed":true},"project_id":{"type":"string","description":"The id of the project the dataset is in. Not Null; Requires replacement if changed.","description_kind":"plain","optional":true,"computed":true}},"nesting_mode":"single"},"description":"Remote info for GCP BigQuery Dataset. Requires replacement if changed.","description_kind":"plain","optional":true,"computed":true},"gcp_big_query_table":{"nested_type":{"attributes":{"dataset_id":{"type":"string","description":"The id of the dataset the table is in. Not Null; Requires replacement if changed.","description_kind":"plain","optional":true,"computed":true},"project_id":{"type":"string","description":"The id of the project the table is in. Not Null; Requires replacement if changed.","description_kind":"plain","optional":true,"computed":true},"table_id":{"type":"string","description":"The id of the table. Not Null; Requires replacement if changed.","description_kind":"plain","optional":true,"computed":true}},"nesting_mode":"single"},"description":"Remote info for GCP BigQuery Table. Requires replacement if changed.","description_kind":"plain","optional":true,"computed":true},"gcp_bucket":{"nested_type":{"attributes":{"bucket_id":{"type":"string","description":"The id of the bucket. Not Null; Requires replacement if changed.","description_kind":"plain","optional":true,"computed":true}},"nesting_mode":"single"},"description":"Remote info for GCP bucket. Requires replacement if changed.","description_kind":"plain","optional":true,"computed":true},"gcp_compute_instance":{"nested_type":{"attributes":{"instance_id":{"type":"string","description":"The id of the instance. Not Null; Requires replacement if changed.","description_kind":"plain","optional":true,"computed":true},"project_id":{"type":"string","description":"The id of the project the instance is in. Not Null; Requires replacement if changed.","description_kind":"plain","optional":true,"computed":true},"zone":{"type":"string","description":"The zone the instance is in. Not Null; Requires replacement if changed.","description_kind":"plain","optional":true,"computed":true}},"nesting_mode":"single"},"description":"Remote info for GCP compute instance. Requires replacement if changed.","description_kind":"plain","optional":true,"computed":true},"gcp_folder":{"nested_type":{"attributes":{"folder_id":{"type":"string","description":"The id of the folder. Not Null; Requires replacement if changed.","description_kind":"plain","optional":true,"computed":true}},"nesting_mode":"single"},"description":"Remote info for GCP folder. Requires replacement if changed.","description_kind":"plain","optional":true,"computed":true},"gcp_gke_cluster":{"nested_type":{"attributes":{"cluster_name":{"type":"string","description":"The name of the GKE cluster. Not Null; Requires replacement if changed.","description_kind":"plain","optional":true,"computed":true}},"nesting_mode":"single"},"description":"Remote info for GCP GKE cluster. Requires replacement if changed.","description_kind":"plain","optional":true,"computed":true},"gcp_organization":{"nested_type":{"attributes":{"organization_id":{"type":"string","description":"The id of the organization. Not Null; Requires replacement if changed.","description_kind":"plain","optional":true,"computed":true}},"nesting_mode":"single"},"description":"Remote info for GCP organization. Requires replacement if changed.","description_kind":"plain","optional":true,"computed":true},"gcp_project":{"nested_type":{"attributes":{"project_id":{"type":"string","description":"The id of the project. Not Null; Requires replacement if changed.","description_kind":"plain","optional":true,"computed":true}},"nesting_mode":"single"},"description":"Remote info for GCP project. Requires replacement if changed.","description_kind":"plain","optional":true,"computed":true},"gcp_service_account":{"nested_type":{"attributes":{"email":{"type":"string","description":"The email of the service account. Not Null; Requires replacement if changed.","description_kind":"plain","optional":true,"computed":true},"project_id":{"type":"string","description":"The id of the project the service account is in. Not Null; Requires replacement if changed.","description_kind":"plain","optional":true,"computed":true},"service_account_id":{"type":"string","description":"The id of the service account. Not Null; Requires replacement if changed.","description_kind":"plain","optional":true,"computed":true}},"nesting_mode":"single"},"description":"Remote info for a GCP service account. Requires replacement if changed.","description_kind":"plain","optional":true,"computed":true},"gcp_sql_instance":{"nested_type":{"attributes":{"instance_id":{"type":"string","description":"The id of the SQL instance. Not Null; Requires replacement if changed.","description_kind":"plain","optional":true,"computed":true},"project_id":{"type":"string","description":"The id of the project the instance is in. Not Null; Requires replacement if changed.","description_kind":"plain","optional":true,"computed":true}},"nesting_mode":"single"},"description":"Remote info for GCP SQL instance. Requires replacement if changed.","description_kind":"plain","optional":true,"computed":true},"github_repo":{"nested_type":{"attributes":{"repo_name":{"type":"string","description":"The name of the repository. Not Null; Requires replacement if changed.","description_kind":"plain","optional":true,"computed":true}},"nesting_mode":"single"},"description":"Remote info for GitHub repository. Requires replacement if changed.","description_kind":"plain","optional":true,"computed":true},"gitlab_project":{"nested_type":{"attributes":{"project_id":{"type":"string","description":"The id of the project. Not Null; Requires replacement if changed.","description_kind":"plain","optional":true,"computed":true}},"nesting_mode":"single"},"description":"Remote info for Gitlab project. Requires replacement if changed.","description_kind":"plain","optional":true,"computed":true},"okta_app":{"nested_type":{"attributes":{"app_id":{"type":"string","description":"The id of the app. Not Null; Requires replacement if changed.","description_kind":"plain","optional":true,"computed":true}},"nesting_mode":"single"},"description":"Remote info for Okta directory app. Requires replacement if changed.","description_kind":"plain","optional":true,"computed":true},"okta_custom_role":{"nested_type":{"attributes":{"role_id":{"type":"string","description":"The id of the custom role. Not Null; Requires replacement if changed.","description_kind":"plain","optional":true,"computed":true}},"nesting_mode":"single"},"description":"Remote info for Okta directory custom role. Requires replacement if changed.","description_kind":"plain","optional":true,"computed":true},"okta_standard_role":{"nested_type":{"attributes":{"role_type":{"type":"string","description":"The type of the standard role. Not Null; Requires replacement if changed.","description_kind":"plain","optional":true,"computed":true}},"nesting_mode":"single"},"description":"Remote info for Okta directory standard role. Requires replacement if changed.","description_kind":"plain","optional":true,"computed":true},"pagerduty_role":{"nested_type":{"attributes":{"role_name":{"type":"string","description":"The name of the role. Not Null; Requires replacement if changed.","description_kind":"plain","optional":true,"computed":true}},"nesting_mode":"single"},"description":"Remote info for Pagerduty role. Requires replacement if changed.","description_kind":"plain","optional":true,"computed":true},"salesforce_permission_set":{"nested_type":{"attributes":{"permission_set_id":{"type":"string","description":"The id of the permission set. Not Null; Requires replacement if changed.","description_kind":"plain","optional":true,"computed":true}},"nesting_mode":"single"},"description":"Remote info for Salesforce permission set. Requires replacement if changed.","description_kind":"plain","optional":true,"computed":true},"salesforce_profile":{"nested_type":{"attributes":{"profile_id":{"type":"string","description":"The id of the permission set. Not Null; Requires replacement if changed.","description_kind":"plain","optional":true,"computed":true},"user_license_id":{"type":"string","description":"The id of the user license. Not Null; Requires replacement if changed.","description_kind":"plain","optional":true,"computed":true}},"nesting_mode":"single"},"description":"Remote info for Salesforce profile. Requires replacement if changed.","description_kind":"plain","optional":true,"computed":true},"salesforce_role":{"nested_type":{"attributes":{"role_id":{"type":"string","description":"The id of the role. Not Null; Requires replacement if changed.","description_kind":"plain","optional":true,"computed":true}},"nesting_mode":"single"},"description":"Remote info for Salesforce role. Requires replacement if changed.","description_kind":"plain","optional":true,"computed":true},"teleport_role":{"nested_type":{"attributes":{"role_name":{"type":"string","description":"The name role. Not Null; Requires replacement if changed.","description_kind":"plain","optional":true,"computed":true}},"nesting_mode":"single"},"description":"Remote info for Teleport role. Requires replacement if changed.","description_kind":"plain","optional":true,"computed":true}},"nesting_mode":"single"},"description":"Information that defines the remote resource. This replaces the deprecated remote_id and metadata fields. Requires replacement if changed.","description_kind":"plain","optional":true,"computed":true},"request_configurations":{"nested_type":{"attributes":{"allow_requests":{"type":"bool","description":"A bool representing whether or not to allow requests for this resource. Not Null","description_kind":"plain","optional":true,"computed":true},"auto_approval":{"type":"bool","description":"A bool representing whether or not to automatically approve requests for this resource. Not Null","description_kind":"plain","optional":true,"computed":true},"condition":{"nested_type":{"attributes":{"group_ids":{"type":["set","string"],"description":"The list of group IDs to match.","description_kind":"plain","optional":true,"computed":true},"role_remote_ids":{"type":["set","string"],"description":"The list of role remote IDs to match.","description_kind":"plain","optional":true,"computed":true}},"nesting_mode":"single"},"description_kind":"plain","optional":true,"computed":true},"max_duration":{"type":"number","description":"The maximum duration for which the resource can be requested (in minutes).","description_kind":"plain","optional":true,"computed":true},"priority":{"type":"number","description":"The priority of the request configuration. Not Null","description_kind":"plain","optional":true,"computed":true},"recommended_duration":{"type":"number","description":"The recommended duration for which the resource should be requested (in minutes). -1 represents an indefinite duration.","description_kind":"plain","optional":true,"computed":true},"request_template_id":{"type":"string","description":"The ID of the associated request template.","description_kind":"plain","optional":true,"computed":true},"require_mfa_to_request":{"type":"bool","description":"A bool representing whether or not to require MFA for requesting access to this resource. Not Null","description_kind":"plain","optional":true,"computed":true},"require_support_ticket":{"type":"bool","description":"A bool representing whether or not access requests to the resource require an access ticket. Not Null","description_kind":"plain","optional":true,"computed":true},"reviewer_stages":{"nested_type":{"attributes":{"operator":{"type":"string","description":"The operator of the reviewer stage. Admin and manager approval are also treated as reviewers. Default: \"AND\"; must be one of [\"AND\", \"OR\"]","description_kind":"plain","optional":true,"computed":true},"owner_ids":{"type":["set","string"],"description":"Not Null","description_kind":"plain","optional":true,"computed":true},"require_admin_approval":{"type":"bool","description":"Whether this reviewer stage should require admin approval.","description_kind":"plain","optional":true,"computed":true},"require_manager_approval":{"type":"bool","description":"Whether this reviewer stage should require manager approval. Not Null","description_kind":"plain","optional":true,"computed":true}},"nesting_mode":"list"},"description":"The list of reviewer stages for the request configuration.","description_kind":"plain","optional":true,"computed":true}},"nesting_mode":"list"},"description":"A list of configurations for requests to this resource. If not provided, the default request configuration will be used.","description_kind":"plain","required":true},"require_mfa_to_approve":{"type":"bool","description":"A bool representing whether or not to require MFA for reviewers to approve requests for this resource. Default: false","description_kind":"plain","optional":true,"computed":true},"require_mfa_to_connect":{"type":"bool","description":"A bool representing whether or not to require MFA to connect to this resource.","description_kind":"plain","optional":true,"computed":true},"resource_type":{"type":"string","description":"The type of the resource. must be one of [\"AWS_IAM_ROLE\", \"AWS_EC2_INSTANCE\", \"AWS_EKS_CLUSTER\", \"AWS_RDS_POSTGRES_CLUSTER\", \"AWS_RDS_POSTGRES_INSTANCE\", \"AWS_RDS_MYSQL_CLUSTER\", \"AWS_RDS_MYSQL_INSTANCE\", \"AWS_ACCOUNT\", \"AWS_SSO_PERMISSION_SET\", \"AZURE_MANAGEMENT_GROUP\", \"AZURE_RESOURCE_GROUP\", \"AZURE_SUBSCRIPTION\", \"AZURE_VIRTUAL_MACHINE\", \"AZURE_STORAGE_ACCOUNT\", \"AZURE_STORAGE_CONTAINER\", \"AZURE_SQL_SERVER\", \"AZURE_SQL_MANAGED_INSTANCE\", \"AZURE_SQL_DATABASE\", \"AZURE_SQL_MANAGED_DATABASE\", \"AZURE_USER_ASSIGNED_MANAGED_Identity\", \"AZURE_ENTRA_ID_ROLE\", \"AZURE_ENTERPRISE_APP\", \"CUSTOM\", \"CUSTOM_CONNECTOR\", \"DATABRICKS_ACCOUNT_SERVICE_PRINCIPAL\", \"GCP_ORGANIZATION\", \"GCP_BUCKET\", \"GCP_COMPUTE_INSTANCE\", \"GCP_FOLDER\", \"GCP_GKE_CLUSTER\", \"GCP_PROJECT\", \"GCP_CLOUD_SQL_POSTGRES_INSTANCE\", \"GCP_CLOUD_SQL_MYSQL_INSTANCE\", \"GCP_BIG_QUERY_DATASET\", \"GCP_BIG_QUERY_TABLE\", \"GCP_SERVICE_ACCOUNT\", \"GIT_HUB_REPO\", \"GIT_LAB_PROJECT\", \"GOOGLE_WORKSPACE_ROLE\", \"MONGO_INSTANCE\", \"MONGO_ATLAS_INSTANCE\", \"OKTA_APP\", \"OKTA_ROLE\", \"OPAL_ROLE\", \"OPAL_SCOPED_ROLE\", \"PAGERDUTY_ROLE\", \"TAILSCALE_SSH\", \"SALESFORCE_PERMISSION_SET\", \"SALESFORCE_PROFILE\", \"SALESFORCE_ROLE\", \"SNOWFLAKE_DATABASE\", \"SNOWFLAKE_SCHEMA\", \"SNOWFLAKE_TABLE\", \"WORKDAY_ROLE\", \"MYSQL_INSTANCE\", \"MARIADB_INSTANCE\", \"POSTGRES_INSTANCE\", \"TELEPORT_ROLE\"]; Requires replacement if changed.","description_kind":"plain","required":true},"risk_sensitivity":{"type":"string","description":"The risk sensitivity level for the resource. When an override is set, this field will match that. must be one of [\"UNKNOWN\", \"CRITICAL\", \"HIGH\", \"MEDIUM\", \"LOW\", \"NONE\"]","description_kind":"plain","computed":true},"risk_sensitivity_override":{"type":"string","description":"Indicates the level of potential impact misuse or unauthorized access may incur. must be one of [\"UNKNOWN\", \"CRITICAL\", \"HIGH\", \"MEDIUM\", \"LOW\", \"NONE\"]","description_kind":"plain","optional":true,"computed":true},"ticket_propagation":{"nested_type":{"attributes":{"enabled_on_grant":{"type":"bool","description":"Not Null","description_kind":"plain","optional":true,"computed":true},"enabled_on_revocation":{"type":"bool","description":"Not Null","description_kind":"plain","optional":true,"computed":true},"ticket_project_id":{"type":"string","description_kind":"plain","optional":true,"computed":true},"ticket_provider":{"type":"string","description":"The third party ticketing platform provider. must be one of [\"JIRA\", \"LINEAR\", \"SERVICE_NOW\"]","description_kind":"plain","optional":true,"computed":true}},"nesting_mode":"single"},"description":"Configuration for ticket propagation, when enabled, a ticket will be created for access changes related to the users in this resource.","description_kind":"plain","optional":true,"computed":true},"visibility":{"type":"string","description":"The visibility level of the entity. must be one of [\"GLOBAL\", \"LIMITED\"]","description_kind":"plain","required":true},"visibility_group_ids":{"type":["set","string"],"description_kind":"plain","optional":true,"computed":true}},"description":"Resource Resource","description_kind":"markdown"}},"opal_resource_tag":{"version":0,"block":{"attributes":{"resource_id":{"type":"string","description":"The ID of the resource to apply the tag to. Requires replacement if changed.","description_kind":"plain","required":true},"tag_id":{"type":"string","description":"The ID of the tag to apply. Requires replacement if changed.","description_kind":"plain","required":true}},"description":"ResourceTag Resource","description_kind":"markdown"}},"opal_tag":{"version":0,"block":{"attributes":{"created_at":{"type":"string","description":"The date the tag was created.","description_kind":"plain","computed":true},"id":{"type":"string","description":"The ID of the tag.","description_kind":"plain","computed":true},"key":{"type":"string","description":"The key of the tag to create. Requires replacement if changed.","description_kind":"plain","required":true},"updated_at":{"type":"string","description":"The date the tag was last updated.","description_kind":"plain","computed":true},"user_creator_id":{"type":"string","description":"The ID of the user that created the tag.","description_kind":"plain","computed":true},"value":{"type":"string","description":"The value of the tag to create. Requires replacement if changed.","description_kind":"plain","optional":true,"computed":true}},"description":"Tag Resource","description_kind":"markdown"}},"opal_tag_user":{"version":0,"block":{"attributes":{"tag_id":{"type":"string","description":"The ID of the tag to apply. Requires replacement if changed.","description_kind":"plain","required":true},"user_id":{"type":"string","description":"The ID of the user to apply the tag to. Requires replacement if changed.","description_kind":"plain","required":true}},"description":"TagUser Resource","description_kind":"markdown"}}},"data_source_schemas":{"opal_app":{"version":0,"block":{"attributes":{"admin_owner_id":{"type":"string","description":"The ID of the owner of the app.","description_kind":"plain","computed":true},"description":{"type":"string","description":"A description of the app.","description_kind":"plain","computed":true},"id":{"type":"string","description":"The ID of the app.","description_kind":"plain","required":true},"name":{"type":"string","description":"The name of the app.","description_kind":"plain","computed":true},"type":{"type":"string","description":"The type of an app.","description_kind":"plain","computed":true},"validations":{"nested_type":{"attributes":{"details":{"type":"string","description":"Extra details regarding the validation. Could be an error message or restrictions on permissions.","description_kind":"plain","computed":true},"key":{"type":"string","description":"The key of the app validation. These are not unique IDs between runs.","description_kind":"plain","computed":true},"name":{"type":"string","description":"The human-readable description of whether the validation has the permissions. Parsed as JSON.","description_kind":"plain","computed":true},"severity":{"type":"string","description":"The severity of an app validation.","description_kind":"plain","computed":true},"status":{"type":"string","description":"The status of an app validation.","description_kind":"plain","computed":true},"updated_at":{"type":"string","description":"The date and time the app validation was last run.","description_kind":"plain","computed":true},"usage_reason":{"type":"string","description":"The reason for needing the validation.","description_kind":"plain","computed":true}},"nesting_mode":"list"},"description":"Validation checks of an apps' configuration and permissions.","description_kind":"plain","computed":true}},"description":"App DataSource","description_kind":"markdown"}},"opal_apps":{"version":0,"block":{"attributes":{"app_type_filter":{"type":["list","string"],"description":"A list of app types to filter by.","description_kind":"plain","optional":true},"apps":{"nested_type":{"attributes":{"admin_owner_id":{"type":"string","description":"The ID of the owner of the app.","description_kind":"plain","computed":true},"description":{"type":"string","description":"A description of the app.","description_kind":"plain","computed":true},"id":{"type":"string","description":"The ID of the app.","description_kind":"plain","computed":true},"name":{"type":"string","description":"The name of the app.","description_kind":"plain","computed":true},"type":{"type":"string","description":"The type of an app.","description_kind":"plain","computed":true},"validations":{"nested_type":{"attributes":{"details":{"type":"string","description":"Extra details regarding the validation. Could be an error message or restrictions on permissions.","description_kind":"plain","computed":true},"key":{"type":"string","description":"The key of the app validation. These are not unique IDs between runs.","description_kind":"plain","computed":true},"name":{"type":"string","description":"The human-readable description of whether the validation has the permissions. Parsed as JSON.","description_kind":"plain","computed":true},"severity":{"type":"string","description":"The severity of an app validation.","description_kind":"plain","computed":true},"status":{"type":"string","description":"The status of an app validation.","description_kind":"plain","computed":true},"updated_at":{"type":"string","description":"The date and time the app validation was last run.","description_kind":"plain","computed":true},"usage_reason":{"type":"string","description":"The reason for needing the validation.","description_kind":"plain","computed":true}},"nesting_mode":"list"},"description":"Validation checks of an apps' configuration and permissions.","description_kind":"plain","computed":true}},"nesting_mode":"list"},"description_kind":"plain","computed":true},"owner_filter":{"type":"string","description":"An owner ID to filter by.","description_kind":"plain","optional":true}},"description":"Apps DataSource","description_kind":"markdown"}},"opal_configuration_template_list":{"version":0,"block":{"attributes":{"results":{"nested_type":{"attributes":{"admin_owner_id":{"type":"string","description":"The ID of the owner of the configuration template.","description_kind":"plain","computed":true},"break_glass_user_ids":{"type":["set","string"],"description":"The IDs of the break glass users linked to the configuration template.","description_kind":"plain","computed":true},"configuration_template_id":{"type":"string","description":"The ID of the configuration template.","description_kind":"plain","computed":true},"custom_request_notification":{"type":"string","description":"Custom request notification sent upon request approval for this configuration template.","description_kind":"plain","computed":true},"linked_audit_message_channel_ids":{"type":["set","string"],"description":"The IDs of the audit message channels linked to the configuration template.","description_kind":"plain","computed":true},"member_oncall_schedule_ids":{"type":["set","string"],"description":"The IDs of the on-call schedules linked to the configuration template.","description_kind":"plain","computed":true},"name":{"type":"string","description":"The name of the configuration template.","description_kind":"plain","computed":true},"request_configuration_id":{"type":"string","description":"The ID of the request configuration linked to the configuration template.","description_kind":"plain","computed":true},"require_mfa_to_approve":{"type":"bool","description":"A bool representing whether or not to require MFA for reviewers to approve requests for this configuration template.","description_kind":"plain","computed":true},"require_mfa_to_connect":{"type":"bool","description":"A bool representing whether or not to require MFA to connect to resources associated with this configuration template.","description_kind":"plain","computed":true},"ticket_propagation":{"nested_type":{"attributes":{"enabled_on_grant":{"type":"bool","description_kind":"plain","computed":true},"enabled_on_revocation":{"type":"bool","description_kind":"plain","computed":true},"ticket_project_id":{"type":"string","description_kind":"plain","computed":true},"ticket_provider":{"type":"string","description":"The third party ticketing platform provider.","description_kind":"plain","computed":true}},"nesting_mode":"single"},"description":"Configuration for ticket propagation, when enabled, a ticket will be created for access changes related to the users in this resource.","description_kind":"plain","computed":true},"visibility":{"nested_type":{"attributes":{"visibility":{"type":"string","description":"The visibility level of the entity.","description_kind":"plain","computed":true},"visibility_group_ids":{"type":["set","string"],"description_kind":"plain","computed":true}},"nesting_mode":"single"},"description":"Visibility infomation of an entity.","description_kind":"plain","computed":true}},"nesting_mode":"list"},"description_kind":"plain","computed":true}},"description":"ConfigurationTemplateList DataSource","description_kind":"markdown"}},"opal_events":{"version":0,"block":{"attributes":{"actor_filter":{"type":"string","description":"An actor filter for the events. Supply the ID of the actor.","description_kind":"plain","optional":true},"api_token_filter":{"type":"string","description":"An API filter for the events. Supply the name and preview of the API token.","description_kind":"plain","optional":true},"cursor":{"type":"string","description":"The pagination cursor value.","description_kind":"plain","optional":true},"end_date_filter":{"type":"string","description":"An end date filter for the events.","description_kind":"plain","optional":true},"event_type_filter":{"type":"string","description":"An event type filter for the events.","description_kind":"plain","optional":true},"next":{"type":"string","description":"The cursor with which to continue pagination if additional result pages exist.","description_kind":"plain","computed":true},"object_filter":{"type":"string","description":"An object filter for the events. Supply the ID of the object.","description_kind":"plain","optional":true},"page_size":{"type":"number","description":"Number of results to return per page. Default is 200.","description_kind":"plain","optional":true},"previous":{"type":"string","description":"The cursor used to obtain the current result page.","description_kind":"plain","computed":true},"results":{"nested_type":{"attributes":{"actor_email":{"type":"string","description":"The email of the actor user.","description_kind":"plain","computed":true},"actor_ip_address":{"type":"string","description":"The IP address of the event actor.","description_kind":"plain","computed":true},"actor_name":{"type":"string","description":"The name of the actor user. Parsed as JSON.","description_kind":"plain","computed":true},"actor_user_id":{"type":"string","description":"The ID of the actor user.","description_kind":"plain","computed":true},"api_token_name":{"type":"string","description":"The name of the API token used to create the event.","description_kind":"plain","computed":true},"api_token_preview":{"type":"string","description":"The preview of the API token used to create the event.","description_kind":"plain","computed":true},"created_at":{"type":"string","description":"The day and time the event was created.","description_kind":"plain","computed":true},"event_id":{"type":"string","description":"The ID of the event.","description_kind":"plain","computed":true},"event_type":{"type":"string","description":"The event type.","description_kind":"plain","computed":true},"sub_events":{"nested_type":{"attributes":{"additional_properties":{"type":"string","description":"Parsed as JSON.","description_kind":"plain","computed":true},"sub_event_type":{"type":"string","description":"The subevent type.","description_kind":"plain","computed":true}},"nesting_mode":"list"},"description_kind":"plain","computed":true}},"nesting_mode":"list"},"description_kind":"plain","computed":true},"start_date_filter":{"type":"string","description":"A start date filter for the events.","description_kind":"plain","optional":true}},"description":"Events DataSource","description_kind":"markdown"}},"opal_group":{"version":0,"block":{"attributes":{"admin_owner_id":{"type":"string","description":"The ID of the owner of the group.","description_kind":"plain","computed":true},"app_id":{"type":"string","description":"The ID of the group's app.","description_kind":"plain","computed":true},"custom_request_notification":{"type":"string","description":"Custom request notification sent to the requester when the request is approved.","description_kind":"plain","computed":true},"description":{"type":"string","description":"A description of the group.","description_kind":"plain","computed":true},"group_binding_id":{"type":"string","description":"The ID of the associated group binding.","description_kind":"plain","computed":true},"group_leader_user_ids":{"type":["set","string"],"description":"A list of User IDs for the group leaders of the group","description_kind":"plain","computed":true},"group_type":{"type":"string","description":"The type of the group.","description_kind":"plain","computed":true},"id":{"type":"string","description":"The ID of the group.","description_kind":"plain","required":true},"message_channels":{"nested_type":{"attributes":{"channels":{"nested_type":{"attributes":{"id":{"type":"string","description":"The ID of the message channel.","description_kind":"plain","computed":true},"is_private":{"type":"bool","description":"A bool representing whether or not the message channel is private.","description_kind":"plain","computed":true},"name":{"type":"string","description":"The name of the message channel.","description_kind":"plain","computed":true},"remote_id":{"type":"string","description":"The remote ID of the message channel","description_kind":"plain","computed":true},"third_party_provider":{"type":"string","description":"The third party provider of the message channel.","description_kind":"plain","computed":true}},"nesting_mode":"list"},"description_kind":"plain","computed":true}},"nesting_mode":"single"},"description":"The audit and reviewer message channels attached to the group.","description_kind":"plain","computed":true},"name":{"type":"string","description":"The name of the group.","description_kind":"plain","computed":true},"oncall_schedules":{"nested_type":{"attributes":{"id":{"type":"string","description":"The ID of the on-call schedule.","description_kind":"plain","computed":true},"name":{"type":"string","description":"The name of the on call schedule.","description_kind":"plain","computed":true},"remote_id":{"type":"string","description":"The remote ID of the on call schedule","description_kind":"plain","computed":true},"third_party_provider":{"type":"string","description":"The third party provider of the on call schedule.","description_kind":"plain","computed":true}},"nesting_mode":"single"},"description":"The on call schedules attached to the group.","description_kind":"plain","computed":true},"remote_info":{"nested_type":{"attributes":{"active_directory_group":{"nested_type":{"attributes":{"group_id":{"type":"string","description":"The id of the Google group.","description_kind":"plain","computed":true}},"nesting_mode":"single"},"description":"Remote info for Active Directory group.","description_kind":"plain","computed":true},"azure_ad_microsoft_365_group":{"nested_type":{"attributes":{"group_id":{"type":"string","description":"The id of the Microsoft Entra ID Microsoft 365 group.","description_kind":"plain","computed":true}},"nesting_mode":"single"},"description":"Remote info for Microsoft Entra ID Microsoft 365 group.","description_kind":"plain","computed":true},"azure_ad_security_group":{"nested_type":{"attributes":{"group_id":{"type":"string","description":"The id of the Microsoft Entra ID Security group.","description_kind":"plain","computed":true}},"nesting_mode":"single"},"description":"Remote info for Microsoft Entra ID Security group.","description_kind":"plain","computed":true},"duo_group":{"nested_type":{"attributes":{"group_id":{"type":"string","description":"The id of the Duo Security group.","description_kind":"plain","computed":true}},"nesting_mode":"single"},"description":"Remote info for Duo Security group.","description_kind":"plain","computed":true},"github_team":{"nested_type":{"attributes":{"team_slug":{"type":"string","description":"The slug of the GitHub team.","description_kind":"plain","computed":true}},"nesting_mode":"single"},"description":"Remote info for GitHub team.","description_kind":"plain","computed":true},"gitlab_group":{"nested_type":{"attributes":{"group_id":{"type":"string","description":"The id of the Gitlab group.","description_kind":"plain","computed":true}},"nesting_mode":"single"},"description":"Remote info for Gitlab group.","description_kind":"plain","computed":true},"google_group":{"nested_type":{"attributes":{"group_id":{"type":"string","description":"The id of the Google group.","description_kind":"plain","computed":true}},"nesting_mode":"single"},"description":"Remote info for Google group.","description_kind":"plain","computed":true},"ldap_group":{"nested_type":{"attributes":{"group_id":{"type":"string","description":"The id of the LDAP group.","description_kind":"plain","computed":true}},"nesting_mode":"single"},"description":"Remote info for LDAP group.","description_kind":"plain","computed":true},"okta_group":{"nested_type":{"attributes":{"group_id":{"type":"string","description":"The id of the Okta Directory group.","description_kind":"plain","computed":true}},"nesting_mode":"single"},"description":"Remote info for Okta Directory group.","description_kind":"plain","computed":true}},"nesting_mode":"single"},"description":"Information that defines the remote group. This replaces the deprecated remote_id and metadata fields.","description_kind":"plain","computed":true},"remote_name":{"type":"string","description":"The name of the remote.","description_kind":"plain","computed":true},"request_configurations":{"nested_type":{"attributes":{"allow_requests":{"type":"bool","description":"A bool representing whether or not to allow requests for this resource.","description_kind":"plain","computed":true},"auto_approval":{"type":"bool","description":"A bool representing whether or not to automatically approve requests for this resource.","description_kind":"plain","computed":true},"condition":{"nested_type":{"attributes":{"group_ids":{"type":["set","string"],"description":"The list of group IDs to match.","description_kind":"plain","computed":true},"role_remote_ids":{"type":["set","string"],"description":"The list of role remote IDs to match.","description_kind":"plain","computed":true}},"nesting_mode":"single"},"description_kind":"plain","computed":true},"max_duration":{"type":"number","description":"The maximum duration for which the resource can be requested (in minutes).","description_kind":"plain","computed":true},"priority":{"type":"number","description":"The priority of the request configuration.","description_kind":"plain","computed":true},"recommended_duration":{"type":"number","description":"The recommended duration for which the resource should be requested (in minutes). -1 represents an indefinite duration.","description_kind":"plain","computed":true},"request_template_id":{"type":"string","description":"The ID of the associated request template.","description_kind":"plain","computed":true},"require_mfa_to_request":{"type":"bool","description":"A bool representing whether or not to require MFA for requesting access to this resource.","description_kind":"plain","computed":true},"require_support_ticket":{"type":"bool","description":"A bool representing whether or not access requests to the resource require an access ticket.","description_kind":"plain","computed":true},"reviewer_stages":{"nested_type":{"attributes":{"operator":{"type":"string","description":"The operator of the reviewer stage. Admin and manager approval are also treated as reviewers.","description_kind":"plain","computed":true},"owner_ids":{"type":["set","string"],"description_kind":"plain","computed":true},"require_admin_approval":{"type":"bool","description":"Whether this reviewer stage should require admin approval.","description_kind":"plain","computed":true},"require_manager_approval":{"type":"bool","description":"Whether this reviewer stage should require manager approval.","description_kind":"plain","computed":true}},"nesting_mode":"list"},"description":"The list of reviewer stages for the request configuration.","description_kind":"plain","computed":true}},"nesting_mode":"list"},"description":"A list of request configurations for this group.","description_kind":"plain","computed":true},"require_mfa_to_approve":{"type":"bool","description":"A bool representing whether or not to require MFA for reviewers to approve requests for this group.","description_kind":"plain","computed":true},"risk_sensitivity":{"type":"string","description":"The risk sensitivity level for the group. When an override is set, this field will match that.","description_kind":"plain","computed":true},"risk_sensitivity_override":{"type":"string","description":"Indicates the level of potential impact misuse or unauthorized access may incur.","description_kind":"plain","computed":true},"visibility":{"type":"string","description":"The visibility level of the entity.","description_kind":"plain","computed":true},"visibility_group_ids":{"type":["set","string"],"description_kind":"plain","computed":true}},"description":"Group DataSource","description_kind":"markdown"}},"opal_group_list":{"version":0,"block":{"attributes":{"group_ids":{"type":["list","string"],"description":"The group ids to filter by.","description_kind":"plain","optional":true},"group_name":{"type":"string","description":"Group name.","description_kind":"plain","optional":true},"group_type_filter":{"type":"string","description":"The group type to filter by.","description_kind":"plain","optional":true},"page_size":{"type":"number","description":"Number of results to return per page. Default is 200.","description_kind":"plain","optional":true},"results":{"nested_type":{"attributes":{"admin_owner_id":{"type":"string","description":"The ID of the owner of the group.","description_kind":"plain","computed":true},"app_id":{"type":"string","description":"The ID of the group's app.","description_kind":"plain","computed":true},"custom_request_notification":{"type":"string","description":"Custom request notification sent to the requester when the request is approved.","description_kind":"plain","computed":true},"description":{"type":"string","description":"A description of the group.","description_kind":"plain","computed":true},"group_binding_id":{"type":"string","description":"The ID of the associated group binding.","description_kind":"plain","computed":true},"group_leader_user_ids":{"type":["set","string"],"description":"A list of User IDs for the group leaders of the group","description_kind":"plain","computed":true},"group_type":{"type":"string","description":"The type of the group.","description_kind":"plain","computed":true},"id":{"type":"string","description":"The ID of the group.","description_kind":"plain","computed":true},"name":{"type":"string","description":"The name of the group.","description_kind":"plain","computed":true},"remote_info":{"nested_type":{"attributes":{"active_directory_group":{"nested_type":{"attributes":{"group_id":{"type":"string","description":"The id of the Google group.","description_kind":"plain","computed":true}},"nesting_mode":"single"},"description":"Remote info for Active Directory group.","description_kind":"plain","computed":true},"azure_ad_microsoft_365_group":{"nested_type":{"attributes":{"group_id":{"type":"string","description":"The id of the Microsoft Entra ID Microsoft 365 group.","description_kind":"plain","computed":true}},"nesting_mode":"single"},"description":"Remote info for Microsoft Entra ID Microsoft 365 group.","description_kind":"plain","computed":true},"azure_ad_security_group":{"nested_type":{"attributes":{"group_id":{"type":"string","description":"The id of the Microsoft Entra ID Security group.","description_kind":"plain","computed":true}},"nesting_mode":"single"},"description":"Remote info for Microsoft Entra ID Security group.","description_kind":"plain","computed":true},"duo_group":{"nested_type":{"attributes":{"group_id":{"type":"string","description":"The id of the Duo Security group.","description_kind":"plain","computed":true}},"nesting_mode":"single"},"description":"Remote info for Duo Security group.","description_kind":"plain","computed":true},"github_team":{"nested_type":{"attributes":{"team_slug":{"type":"string","description":"The slug of the GitHub team.","description_kind":"plain","computed":true}},"nesting_mode":"single"},"description":"Remote info for GitHub team.","description_kind":"plain","computed":true},"gitlab_group":{"nested_type":{"attributes":{"group_id":{"type":"string","description":"The id of the Gitlab group.","description_kind":"plain","computed":true}},"nesting_mode":"single"},"description":"Remote info for Gitlab group.","description_kind":"plain","computed":true},"google_group":{"nested_type":{"attributes":{"group_id":{"type":"string","description":"The id of the Google group.","description_kind":"plain","computed":true}},"nesting_mode":"single"},"description":"Remote info for Google group.","description_kind":"plain","computed":true},"ldap_group":{"nested_type":{"attributes":{"group_id":{"type":"string","description":"The id of the LDAP group.","description_kind":"plain","computed":true}},"nesting_mode":"single"},"description":"Remote info for LDAP group.","description_kind":"plain","computed":true},"okta_group":{"nested_type":{"attributes":{"group_id":{"type":"string","description":"The id of the Okta Directory group.","description_kind":"plain","computed":true}},"nesting_mode":"single"},"description":"Remote info for Okta Directory group.","description_kind":"plain","computed":true}},"nesting_mode":"single"},"description":"Information that defines the remote group. This replaces the deprecated remote_id and metadata fields.","description_kind":"plain","computed":true},"remote_name":{"type":"string","description":"The name of the remote.","description_kind":"plain","computed":true},"request_configurations":{"nested_type":{"attributes":{"allow_requests":{"type":"bool","description":"A bool representing whether or not to allow requests for this resource.","description_kind":"plain","computed":true},"auto_approval":{"type":"bool","description":"A bool representing whether or not to automatically approve requests for this resource.","description_kind":"plain","computed":true},"condition":{"nested_type":{"attributes":{"group_ids":{"type":["set","string"],"description":"The list of group IDs to match.","description_kind":"plain","computed":true},"role_remote_ids":{"type":["set","string"],"description":"The list of role remote IDs to match.","description_kind":"plain","computed":true}},"nesting_mode":"single"},"description_kind":"plain","computed":true},"max_duration":{"type":"number","description":"The maximum duration for which the resource can be requested (in minutes).","description_kind":"plain","computed":true},"priority":{"type":"number","description":"The priority of the request configuration.","description_kind":"plain","computed":true},"recommended_duration":{"type":"number","description":"The recommended duration for which the resource should be requested (in minutes). -1 represents an indefinite duration.","description_kind":"plain","computed":true},"request_template_id":{"type":"string","description":"The ID of the associated request template.","description_kind":"plain","computed":true},"require_mfa_to_request":{"type":"bool","description":"A bool representing whether or not to require MFA for requesting access to this resource.","description_kind":"plain","computed":true},"require_support_ticket":{"type":"bool","description":"A bool representing whether or not access requests to the resource require an access ticket.","description_kind":"plain","computed":true},"reviewer_stages":{"nested_type":{"attributes":{"operator":{"type":"string","description":"The operator of the reviewer stage. Admin and manager approval are also treated as reviewers.","description_kind":"plain","computed":true},"owner_ids":{"type":["set","string"],"description_kind":"plain","computed":true},"require_admin_approval":{"type":"bool","description":"Whether this reviewer stage should require admin approval.","description_kind":"plain","computed":true},"require_manager_approval":{"type":"bool","description":"Whether this reviewer stage should require manager approval.","description_kind":"plain","computed":true}},"nesting_mode":"list"},"description":"The list of reviewer stages for the request configuration.","description_kind":"plain","computed":true}},"nesting_mode":"list"},"description":"A list of request configurations for this group.","description_kind":"plain","computed":true},"require_mfa_to_approve":{"type":"bool","description":"A bool representing whether or not to require MFA for reviewers to approve requests for this group.","description_kind":"plain","computed":true},"risk_sensitivity":{"type":"string","description":"The risk sensitivity level for the group. When an override is set, this field will match that.","description_kind":"plain","computed":true},"risk_sensitivity_override":{"type":"string","description":"Indicates the level of potential impact misuse or unauthorized access may incur.","description_kind":"plain","computed":true}},"nesting_mode":"list"},"description_kind":"plain","computed":true}},"description":"GroupList DataSource","description_kind":"markdown"}},"opal_group_resource_list":{"version":0,"block":{"attributes":{"group_id":{"type":"string","description":"The ID of the group.","description_kind":"plain","required":true},"group_resources":{"nested_type":{"attributes":{"access_level":{"nested_type":{"attributes":{"access_level_name":{"type":"string","description":"The human-readable name of the access level.","description_kind":"plain","computed":true},"access_level_remote_id":{"type":"string","description":"The machine-readable identifier of the access level.","description_kind":"plain","computed":true}},"nesting_mode":"single"},"description":"# Access Level Object\n### Description\nThe `AccessLevel` object is used to represent the level of access that a principal has. The \"default\" access\nlevel is a `AccessLevel` object whose fields are all empty strings.\n\n### Usage Example\nView the `AccessLevel` of a resource/user or resource/group pair to see the level of access granted to the resource.","description_kind":"markdown","computed":true},"group_id":{"type":"string","description":"The ID of the group.","description_kind":"plain","computed":true},"resource_id":{"type":"string","description":"The ID of the resource.","description_kind":"plain","computed":true}},"nesting_mode":"list"},"description_kind":"plain","computed":true}},"description":"GroupResourceList DataSource","description_kind":"markdown"}},"opal_group_reviewers_stages_list":{"version":0,"block":{"attributes":{"data":{"nested_type":{"attributes":{"operator":{"type":"string","description":"The operator of the reviewer stage. Admin and manager approval are also treated as reviewers.","description_kind":"plain","computed":true},"owner_ids":{"type":["set","string"],"description_kind":"plain","computed":true},"require_admin_approval":{"type":"bool","description":"Whether this reviewer stage should require admin approval.","description_kind":"plain","computed":true},"require_manager_approval":{"type":"bool","description":"Whether this reviewer stage should require manager approval.","description_kind":"plain","computed":true}},"nesting_mode":"list"},"description":"The reviewer stages for this group.","description_kind":"plain","computed":true},"group_id":{"type":"string","description":"The ID of the group.","description_kind":"plain","required":true}},"description":"GroupReviewersStagesList DataSource","description_kind":"markdown"}},"opal_group_tags":{"version":0,"block":{"attributes":{"group_id":{"type":"string","description":"The ID of the group whose tags to return.","description_kind":"plain","required":true},"tags":{"nested_type":{"attributes":{"created_at":{"type":"string","description":"The date the tag was created.","description_kind":"plain","computed":true},"id":{"type":"string","description":"The ID of the tag.","description_kind":"plain","computed":true},"key":{"type":"string","description":"The key of the tag.","description_kind":"plain","computed":true},"updated_at":{"type":"string","description":"The date the tag was last updated.","description_kind":"plain","computed":true},"user_creator_id":{"type":"string","description":"The ID of the user that created the tag.","description_kind":"plain","computed":true},"value":{"type":"string","description":"The value of the tag.","description_kind":"plain","computed":true}},"nesting_mode":"list"},"description_kind":"plain","computed":true}},"description":"GroupTags DataSource","description_kind":"markdown"}},"opal_group_users":{"version":0,"block":{"attributes":{"group_id":{"type":"string","description":"The ID of the group.","description_kind":"plain","required":true},"results":{"nested_type":{"attributes":{"access_level":{"nested_type":{"attributes":{"access_level_name":{"type":"string","description":"The human-readable name of the access level.","description_kind":"plain","computed":true},"access_level_remote_id":{"type":"string","description":"The machine-readable identifier of the access level.","description_kind":"plain","computed":true}},"nesting_mode":"single"},"description":"# Access Level Object\n### Description\nThe `GroupAccessLevel` object is used to represent the level of access that a user has to a group or a group has to a group. The \"default\" access\nlevel is a `GroupAccessLevel` object whose fields are all empty strings.\n\n### Usage Example\nView the `GroupAccessLevel` of a group/user or group/group pair to see the level of access granted to the group.","description_kind":"markdown","computed":true},"email":{"type":"string","description":"The user's email.","description_kind":"plain","computed":true},"expiration_date":{"type":"string","description":"The day and time the user's access will expire.","description_kind":"plain","computed":true},"full_name":{"type":"string","description":"The user's full name.","description_kind":"plain","computed":true},"group_id":{"type":"string","description":"The ID of the group.","description_kind":"plain","computed":true},"propagation_status":{"nested_type":{"attributes":{"status":{"type":"string","description":"The status of whether the user has been synced to the group or resource in the remote system.","description_kind":"plain","computed":true}},"nesting_mode":"single"},"description":"The state of whether the push action was propagated to the remote system. If this is null, the access was synced from the remote system.","description_kind":"plain","computed":true},"user_id":{"type":"string","description":"The ID of the user.","description_kind":"plain","computed":true}},"nesting_mode":"list"},"description_kind":"plain","computed":true}},"description":"GroupUsers DataSource","description_kind":"markdown"}},"opal_message_channel":{"version":0,"block":{"attributes":{"id":{"type":"string","description":"The ID of the message_channel.","description_kind":"plain","required":true},"is_private":{"type":"bool","description":"A bool representing whether or not the message channel is private.","description_kind":"plain","computed":true},"name":{"type":"string","description":"The name of the message channel.","description_kind":"plain","computed":true},"remote_id":{"type":"string","description":"The remote ID of the message channel","description_kind":"plain","computed":true},"third_party_provider":{"type":"string","description":"The third party provider of the message channel.","description_kind":"plain","computed":true}},"description":"MessageChannel DataSource","description_kind":"markdown"}},"opal_message_channel_list":{"version":0,"block":{"attributes":{"channels":{"nested_type":{"attributes":{"id":{"type":"string","description":"The ID of the message channel.","description_kind":"plain","computed":true},"is_private":{"type":"bool","description":"A bool representing whether or not the message channel is private.","description_kind":"plain","computed":true},"name":{"type":"string","description":"The name of the message channel.","description_kind":"plain","computed":true},"remote_id":{"type":"string","description":"The remote ID of the message channel","description_kind":"plain","computed":true},"third_party_provider":{"type":"string","description":"The third party provider of the message channel.","description_kind":"plain","computed":true}},"nesting_mode":"list"},"description_kind":"plain","computed":true}},"description":"MessageChannelList DataSource","description_kind":"markdown"}},"opal_on_call_schedule":{"version":0,"block":{"attributes":{"id":{"type":"string","description":"The ID of the on_call_schedule.","description_kind":"plain","required":true},"name":{"type":"string","description":"The name of the on call schedule.","description_kind":"plain","computed":true},"remote_id":{"type":"string","description":"The remote ID of the on call schedule","description_kind":"plain","computed":true},"third_party_provider":{"type":"string","description":"The third party provider of the on call schedule.","description_kind":"plain","computed":true}},"description":"OnCallSchedule DataSource","description_kind":"markdown"}},"opal_on_call_schedule_list":{"version":0,"block":{"attributes":{"on_call_schedules":{"nested_type":{"attributes":{"id":{"type":"string","description":"The ID of the on-call schedule.","description_kind":"plain","computed":true},"name":{"type":"string","description":"The name of the on call schedule.","description_kind":"plain","computed":true},"remote_id":{"type":"string","description":"The remote ID of the on call schedule","description_kind":"plain","computed":true},"third_party_provider":{"type":"string","description":"The third party provider of the on call schedule.","description_kind":"plain","computed":true}},"nesting_mode":"list"},"description_kind":"plain","computed":true}},"description":"OnCallScheduleList DataSource","description_kind":"markdown"}},"opal_owner":{"version":0,"block":{"attributes":{"access_request_escalation_period":{"type":"number","description":"The amount of time (in minutes) before the next reviewer is notified. Use 0 to remove escalation policy.","description_kind":"plain","computed":true},"description":{"type":"string","description":"A description of the owner.","description_kind":"plain","computed":true},"id":{"type":"string","description":"The ID of the owner.","description_kind":"plain","required":true},"name":{"type":"string","description":"The name of the owner.","description_kind":"plain","computed":true},"reviewer_message_channel_id":{"type":"string","description_kind":"plain","computed":true},"source_group_id":{"type":"string","description_kind":"plain","computed":true}},"description":"Owner DataSource","description_kind":"markdown"}},"opal_owner_from_name":{"version":0,"block":{"attributes":{"access_request_escalation_period":{"type":"number","description":"The amount of time (in minutes) before the next reviewer is notified. Use 0 to remove escalation policy.","description_kind":"plain","computed":true},"description":{"type":"string","description":"A description of the owner.","description_kind":"plain","computed":true},"id":{"type":"string","description":"The ID of the owner.","description_kind":"plain","computed":true},"name":{"type":"string","description":"The name of the owner.","description_kind":"plain","computed":true},"owner_name":{"type":"string","description":"The name of the owner.","description_kind":"plain","required":true},"reviewer_message_channel_id":{"type":"string","description_kind":"plain","computed":true},"source_group_id":{"type":"string","description_kind":"plain","computed":true}},"description":"OwnerFromName DataSource","description_kind":"markdown"}},"opal_owners":{"version":0,"block":{"attributes":{"cursor":{"type":"string","description":"The pagination cursor value.","description_kind":"plain","optional":true},"name":{"type":"string","description":"Owner name to filter by.","description_kind":"plain","optional":true},"next":{"type":"string","description":"The cursor with which to continue pagination if additional result pages exist.","description_kind":"plain","computed":true},"page_size":{"type":"number","description":"Number of results to return per page. Default is 200.","description_kind":"plain","optional":true},"previous":{"type":"string","description":"The cursor used to obtain the current result page.","description_kind":"plain","computed":true},"results":{"nested_type":{"attributes":{"access_request_escalation_period":{"type":"number","description":"The amount of time (in minutes) before the next reviewer is notified. Use 0 to remove escalation policy.","description_kind":"plain","computed":true},"description":{"type":"string","description":"A description of the owner.","description_kind":"plain","computed":true},"id":{"type":"string","description":"The ID of the owner.","description_kind":"plain","computed":true},"name":{"type":"string","description":"The name of the owner.","description_kind":"plain","computed":true},"reviewer_message_channel_id":{"type":"string","description_kind":"plain","computed":true},"source_group_id":{"type":"string","description_kind":"plain","computed":true}},"nesting_mode":"list"},"description_kind":"plain","computed":true}},"description":"Owners DataSource","description_kind":"markdown"}},"opal_requests":{"version":0,"block":{"attributes":{"cursor":{"type":"string","description":"The pagination cursor value.","description_kind":"plain","optional":true,"computed":true},"page_size":{"type":"number","description":"Number of results to return per page. Default is 200.","description_kind":"plain","optional":true},"requests":{"nested_type":{"attributes":{"created_at":{"type":"string","description":"The date and time the request was created.","description_kind":"plain","computed":true},"custom_fields_responses":{"nested_type":{"attributes":{"field_name":{"type":"string","description_kind":"plain","computed":true},"field_type":{"type":"string","description":"The type of the custom request field.","description_kind":"plain","computed":true},"field_value":{"nested_type":{"attributes":{"boolean":{"type":"bool","description_kind":"plain","computed":true},"str":{"type":"string","description_kind":"plain","computed":true}},"nesting_mode":"single"},"description_kind":"plain","computed":true}},"nesting_mode":"list"},"description":"The responses given to the custom fields associated to the request","description_kind":"plain","computed":true},"duration_minutes":{"type":"number","description":"The duration of the request in minutes.","description_kind":"plain","computed":true},"id":{"type":"string","description":"The unique identifier of the request.","description_kind":"plain","computed":true},"reason":{"type":"string","description":"The reason for the request.","description_kind":"plain","computed":true},"requested_items_list":{"nested_type":{"attributes":{"access_level_name":{"type":"string","description":"The name of the access level requested.","description_kind":"plain","computed":true},"access_level_remote_id":{"type":"string","description":"The ID of the access level requested on the remote system.","description_kind":"plain","computed":true},"group_id":{"type":"string","description":"The ID of the group requested.","description_kind":"plain","computed":true},"name":{"type":"string","description":"The name of the target.","description_kind":"plain","computed":true},"resource_id":{"type":"string","description":"The ID of the resource requested.","description_kind":"plain","computed":true}},"nesting_mode":"list"},"description":"The list of targets for the request.","description_kind":"plain","computed":true},"requester_id":{"type":"string","description":"The unique identifier of the user who created the request.","description_kind":"plain","computed":true},"status":{"type":"string","description":"# Request Status\n### Description\nThe `RequestStatus` enum is used to represent the status of a request.\n\n### Usage Example\nReturned from the `GET Requests` endpoint.","description_kind":"markdown","computed":true},"target_group_id":{"type":"string","description":"The unique identifier of the group who is the target of the request.","description_kind":"plain","computed":true},"target_user_id":{"type":"string","description":"The unique identifier of the user who is the target of the request.","description_kind":"plain","computed":true},"updated_at":{"type":"string","description":"The date and time the request was last updated.","description_kind":"plain","computed":true}},"nesting_mode":"list"},"description":"The list of requests.","description_kind":"plain","computed":true},"show_pending_only":{"type":"bool","description":"Boolean toggle for if it should only show pending requests.","description_kind":"plain","optional":true}},"description":"Requests DataSource","description_kind":"markdown"}},"opal_resource":{"version":0,"block":{"attributes":{"admin_owner_id":{"type":"string","description":"The ID of the owner of the resource.","description_kind":"plain","computed":true},"app_id":{"type":"string","description":"The ID of the app.","description_kind":"plain","computed":true},"custom_request_notification":{"type":"string","description":"Custom request notification sent upon request approval.","description_kind":"plain","computed":true},"description":{"type":"string","description":"A description of the resource.","description_kind":"plain","computed":true},"id":{"type":"string","description":"The ID of the resource.","description_kind":"plain","required":true},"name":{"type":"string","description":"The name of the resource.","description_kind":"plain","computed":true},"parent_resource_id":{"type":"string","description":"The ID of the parent resource.","description_kind":"plain","computed":true},"remote_info":{"nested_type":{"attributes":{"aws_account":{"nested_type":{"attributes":{"account_id":{"type":"string","description":"The id of the AWS account.","description_kind":"plain","computed":true}},"nesting_mode":"single"},"description":"Remote info for AWS account.","description_kind":"plain","computed":true},"aws_ec2_instance":{"nested_type":{"attributes":{"account_id":{"type":"string","description":"The id of the AWS account. Required for AWS Organizations.","description_kind":"plain","computed":true},"instance_id":{"type":"string","description":"The instanceId of the EC2 instance.","description_kind":"plain","computed":true},"region":{"type":"string","description":"The region of the EC2 instance.","description_kind":"plain","computed":true}},"nesting_mode":"single"},"description":"Remote info for AWS EC2 instance.","description_kind":"plain","computed":true},"aws_eks_cluster":{"nested_type":{"attributes":{"account_id":{"type":"string","description":"The id of the AWS account. Required for AWS Organizations.","description_kind":"plain","computed":true},"arn":{"type":"string","description":"The ARN of the EKS cluster.","description_kind":"plain","computed":true}},"nesting_mode":"single"},"description":"Remote info for AWS EKS cluster.","description_kind":"plain","computed":true},"aws_iam_role":{"nested_type":{"attributes":{"account_id":{"type":"string","description":"The id of the AWS account. Required for AWS Organizations.","description_kind":"plain","computed":true},"arn":{"type":"string","description":"The ARN of the IAM role.","description_kind":"plain","computed":true}},"nesting_mode":"single"},"description":"Remote info for AWS IAM role.","description_kind":"plain","computed":true},"aws_permission_set":{"nested_type":{"attributes":{"account_id":{"type":"string","description":"The ID of an AWS account to which this permission set is provisioned.","description_kind":"plain","computed":true},"arn":{"type":"string","description":"The ARN of the permission set.","description_kind":"plain","computed":true}},"nesting_mode":"single"},"description":"Remote info for AWS Identity Center permission set.","description_kind":"plain","computed":true},"aws_rds_instance":{"nested_type":{"attributes":{"account_id":{"type":"string","description":"The id of the AWS account. Required for AWS Organizations.","description_kind":"plain","computed":true},"instance_id":{"type":"string","description":"The instanceId of the RDS instance.","description_kind":"plain","computed":true},"region":{"type":"string","description":"The region of the RDS instance.","description_kind":"plain","computed":true},"resource_id":{"type":"string","description":"The resourceId of the RDS instance.","description_kind":"plain","computed":true}},"nesting_mode":"single"},"description":"Remote info for AWS RDS instance.","description_kind":"plain","computed":true},"gcp_big_query_dataset":{"nested_type":{"attributes":{"dataset_id":{"type":"string","description":"The id of the dataset.","description_kind":"plain","computed":true},"project_id":{"type":"string","description":"The id of the project the dataset is in.","description_kind":"plain","computed":true}},"nesting_mode":"single"},"description":"Remote info for GCP BigQuery Dataset.","description_kind":"plain","computed":true},"gcp_big_query_table":{"nested_type":{"attributes":{"dataset_id":{"type":"string","description":"The id of the dataset the table is in.","description_kind":"plain","computed":true},"project_id":{"type":"string","description":"The id of the project the table is in.","description_kind":"plain","computed":true},"table_id":{"type":"string","description":"The id of the table.","description_kind":"plain","computed":true}},"nesting_mode":"single"},"description":"Remote info for GCP BigQuery Table.","description_kind":"plain","computed":true},"gcp_bucket":{"nested_type":{"attributes":{"bucket_id":{"type":"string","description":"The id of the bucket.","description_kind":"plain","computed":true}},"nesting_mode":"single"},"description":"Remote info for GCP bucket.","description_kind":"plain","computed":true},"gcp_compute_instance":{"nested_type":{"attributes":{"instance_id":{"type":"string","description":"The id of the instance.","description_kind":"plain","computed":true},"project_id":{"type":"string","description":"The id of the project the instance is in.","description_kind":"plain","computed":true},"zone":{"type":"string","description":"The zone the instance is in.","description_kind":"plain","computed":true}},"nesting_mode":"single"},"description":"Remote info for GCP compute instance.","description_kind":"plain","computed":true},"gcp_folder":{"nested_type":{"attributes":{"folder_id":{"type":"string","description":"The id of the folder.","description_kind":"plain","computed":true}},"nesting_mode":"single"},"description":"Remote info for GCP folder.","description_kind":"plain","computed":true},"gcp_gke_cluster":{"nested_type":{"attributes":{"cluster_name":{"type":"string","description":"The name of the GKE cluster.","description_kind":"plain","computed":true}},"nesting_mode":"single"},"description":"Remote info for GCP GKE cluster.","description_kind":"plain","computed":true},"gcp_organization":{"nested_type":{"attributes":{"organization_id":{"type":"string","description":"The id of the organization.","description_kind":"plain","computed":true}},"nesting_mode":"single"},"description":"Remote info for GCP organization.","description_kind":"plain","computed":true},"gcp_project":{"nested_type":{"attributes":{"project_id":{"type":"string","description":"The id of the project.","description_kind":"plain","computed":true}},"nesting_mode":"single"},"description":"Remote info for GCP project.","description_kind":"plain","computed":true},"gcp_service_account":{"nested_type":{"attributes":{"email":{"type":"string","description":"The email of the service account.","description_kind":"plain","computed":true},"project_id":{"type":"string","description":"The id of the project the service account is in.","description_kind":"plain","computed":true},"service_account_id":{"type":"string","description":"The id of the service account.","description_kind":"plain","computed":true}},"nesting_mode":"single"},"description":"Remote info for a GCP service account.","description_kind":"plain","computed":true},"gcp_sql_instance":{"nested_type":{"attributes":{"instance_id":{"type":"string","description":"The id of the SQL instance.","description_kind":"plain","computed":true},"project_id":{"type":"string","description":"The id of the project the instance is in.","description_kind":"plain","computed":true}},"nesting_mode":"single"},"description":"Remote info for GCP SQL instance.","description_kind":"plain","computed":true},"github_repo":{"nested_type":{"attributes":{"repo_name":{"type":"string","description":"The name of the repository.","description_kind":"plain","computed":true}},"nesting_mode":"single"},"description":"Remote info for GitHub repository.","description_kind":"plain","computed":true},"gitlab_project":{"nested_type":{"attributes":{"project_id":{"type":"string","description":"The id of the project.","description_kind":"plain","computed":true}},"nesting_mode":"single"},"description":"Remote info for Gitlab project.","description_kind":"plain","computed":true},"okta_app":{"nested_type":{"attributes":{"app_id":{"type":"string","description":"The id of the app.","description_kind":"plain","computed":true}},"nesting_mode":"single"},"description":"Remote info for Okta directory app.","description_kind":"plain","computed":true},"okta_custom_role":{"nested_type":{"attributes":{"role_id":{"type":"string","description":"The id of the custom role.","description_kind":"plain","computed":true}},"nesting_mode":"single"},"description":"Remote info for Okta directory custom role.","description_kind":"plain","computed":true},"okta_standard_role":{"nested_type":{"attributes":{"role_type":{"type":"string","description":"The type of the standard role.","description_kind":"plain","computed":true}},"nesting_mode":"single"},"description":"Remote info for Okta directory standard role.","description_kind":"plain","computed":true},"pagerduty_role":{"nested_type":{"attributes":{"role_name":{"type":"string","description":"The name of the role.","description_kind":"plain","computed":true}},"nesting_mode":"single"},"description":"Remote info for Pagerduty role.","description_kind":"plain","computed":true},"salesforce_permission_set":{"nested_type":{"attributes":{"permission_set_id":{"type":"string","description":"The id of the permission set.","description_kind":"plain","computed":true}},"nesting_mode":"single"},"description":"Remote info for Salesforce permission set.","description_kind":"plain","computed":true},"salesforce_profile":{"nested_type":{"attributes":{"profile_id":{"type":"string","description":"The id of the permission set.","description_kind":"plain","computed":true},"user_license_id":{"type":"string","description":"The id of the user license.","description_kind":"plain","computed":true}},"nesting_mode":"single"},"description":"Remote info for Salesforce profile.","description_kind":"plain","computed":true},"salesforce_role":{"nested_type":{"attributes":{"role_id":{"type":"string","description":"The id of the role.","description_kind":"plain","computed":true}},"nesting_mode":"single"},"description":"Remote info for Salesforce role.","description_kind":"plain","computed":true},"teleport_role":{"nested_type":{"attributes":{"role_name":{"type":"string","description":"The name role.","description_kind":"plain","computed":true}},"nesting_mode":"single"},"description":"Remote info for Teleport role.","description_kind":"plain","computed":true}},"nesting_mode":"single"},"description":"Information that defines the remote resource. This replaces the deprecated remote_id and metadata fields.","description_kind":"plain","computed":true},"request_configurations":{"nested_type":{"attributes":{"allow_requests":{"type":"bool","description":"A bool representing whether or not to allow requests for this resource.","description_kind":"plain","computed":true},"auto_approval":{"type":"bool","description":"A bool representing whether or not to automatically approve requests for this resource.","description_kind":"plain","computed":true},"condition":{"nested_type":{"attributes":{"group_ids":{"type":["set","string"],"description":"The list of group IDs to match.","description_kind":"plain","computed":true},"role_remote_ids":{"type":["set","string"],"description":"The list of role remote IDs to match.","description_kind":"plain","computed":true}},"nesting_mode":"single"},"description_kind":"plain","computed":true},"max_duration":{"type":"number","description":"The maximum duration for which the resource can be requested (in minutes).","description_kind":"plain","computed":true},"priority":{"type":"number","description":"The priority of the request configuration.","description_kind":"plain","computed":true},"recommended_duration":{"type":"number","description":"The recommended duration for which the resource should be requested (in minutes). -1 represents an indefinite duration.","description_kind":"plain","computed":true},"request_template_id":{"type":"string","description":"The ID of the associated request template.","description_kind":"plain","computed":true},"require_mfa_to_request":{"type":"bool","description":"A bool representing whether or not to require MFA for requesting access to this resource.","description_kind":"plain","computed":true},"require_support_ticket":{"type":"bool","description":"A bool representing whether or not access requests to the resource require an access ticket.","description_kind":"plain","computed":true},"reviewer_stages":{"nested_type":{"attributes":{"operator":{"type":"string","description":"The operator of the reviewer stage. Admin and manager approval are also treated as reviewers.","description_kind":"plain","computed":true},"owner_ids":{"type":["set","string"],"description_kind":"plain","computed":true},"require_admin_approval":{"type":"bool","description":"Whether this reviewer stage should require admin approval.","description_kind":"plain","computed":true},"require_manager_approval":{"type":"bool","description":"Whether this reviewer stage should require manager approval.","description_kind":"plain","computed":true}},"nesting_mode":"list"},"description":"The list of reviewer stages for the request configuration.","description_kind":"plain","computed":true}},"nesting_mode":"list"},"description":"A list of configurations for requests to this resource.","description_kind":"plain","computed":true},"require_mfa_to_approve":{"type":"bool","description":"A bool representing whether or not to require MFA for reviewers to approve requests for this resource.","description_kind":"plain","computed":true},"require_mfa_to_connect":{"type":"bool","description":"A bool representing whether or not to require MFA to connect to this resource.","description_kind":"plain","computed":true},"resource_type":{"type":"string","description":"The type of the resource.","description_kind":"plain","computed":true},"risk_sensitivity":{"type":"string","description":"The risk sensitivity level for the resource. When an override is set, this field will match that.","description_kind":"plain","computed":true},"risk_sensitivity_override":{"type":"string","description":"Indicates the level of potential impact misuse or unauthorized access may incur.","description_kind":"plain","computed":true},"ticket_propagation":{"nested_type":{"attributes":{"enabled_on_grant":{"type":"bool","description_kind":"plain","computed":true},"enabled_on_revocation":{"type":"bool","description_kind":"plain","computed":true},"ticket_project_id":{"type":"string","description_kind":"plain","computed":true},"ticket_provider":{"type":"string","description":"The third party ticketing platform provider.","description_kind":"plain","computed":true}},"nesting_mode":"single"},"description":"Configuration for ticket propagation, when enabled, a ticket will be created for access changes related to the users in this resource.","description_kind":"plain","computed":true}},"description":"Resource DataSource","description_kind":"markdown"}},"opal_resource_message_channel_list":{"version":0,"block":{"attributes":{"channels":{"nested_type":{"attributes":{"id":{"type":"string","description":"The ID of the message channel.","description_kind":"plain","computed":true},"is_private":{"type":"bool","description":"A bool representing whether or not the message channel is private.","description_kind":"plain","computed":true},"name":{"type":"string","description":"The name of the message channel.","description_kind":"plain","computed":true},"remote_id":{"type":"string","description":"The remote ID of the message channel","description_kind":"plain","computed":true},"third_party_provider":{"type":"string","description":"The third party provider of the message channel.","description_kind":"plain","computed":true}},"nesting_mode":"list"},"description_kind":"plain","computed":true},"resource_id":{"type":"string","description":"The ID of the resource.","description_kind":"plain","required":true}},"description":"ResourceMessageChannelList DataSource","description_kind":"markdown"}},"opal_resource_reviewers_list":{"version":0,"block":{"attributes":{"data":{"type":["list","string"],"description":"The IDs of owners that are reviewers for this resource.","description_kind":"plain","computed":true},"resource_id":{"type":"string","description":"The ID of the resource.","description_kind":"plain","required":true}},"description":"ResourceReviewersList DataSource","description_kind":"markdown"}},"opal_resource_tags":{"version":0,"block":{"attributes":{"resource_id":{"type":"string","description":"The ID of the resource whose tags to return.","description_kind":"plain","required":true},"tags":{"nested_type":{"attributes":{"created_at":{"type":"string","description":"The date the tag was created.","description_kind":"plain","computed":true},"id":{"type":"string","description":"The ID of the tag.","description_kind":"plain","computed":true},"key":{"type":"string","description":"The key of the tag.","description_kind":"plain","computed":true},"updated_at":{"type":"string","description":"The date the tag was last updated.","description_kind":"plain","computed":true},"user_creator_id":{"type":"string","description":"The ID of the user that created the tag.","description_kind":"plain","computed":true},"value":{"type":"string","description":"The value of the tag.","description_kind":"plain","computed":true}},"nesting_mode":"list"},"description_kind":"plain","computed":true}},"description":"ResourceTags DataSource","description_kind":"markdown"}},"opal_resource_visibility":{"version":0,"block":{"attributes":{"id":{"type":"string","description":"The ID of the resource.","description_kind":"plain","required":true},"visibility":{"type":"string","description":"The visibility level of the entity.","description_kind":"plain","computed":true},"visibility_group_ids":{"type":["set","string"],"description_kind":"plain","computed":true}},"description":"ResourceVisibility DataSource","description_kind":"markdown"}},"opal_resources_access_status":{"version":0,"block":{"attributes":{"access_level":{"nested_type":{"attributes":{"access_level_name":{"type":"string","description":"The human-readable name of the access level.","description_kind":"plain","computed":true},"access_level_remote_id":{"type":"string","description":"The machine-readable identifier of the access level.","description_kind":"plain","computed":true}},"nesting_mode":"single"},"description":"# Access Level Object\n### Description\nThe `AccessLevel` object is used to represent the level of access that a principal has. The \"default\" access\nlevel is a `AccessLevel` object whose fields are all empty strings.\n\n### Usage Example\nView the `AccessLevel` of a resource/user or resource/group pair to see the level of access granted to the resource.","description_kind":"markdown","computed":true},"access_level_remote_id":{"type":"string","description":"The remote ID of the access level that you wish to query for the resource. If omitted, the default access level remote ID value (empty string) is used.","description_kind":"plain","optional":true},"cursor":{"type":"string","description":"The pagination cursor value.","description_kind":"plain","optional":true},"expiration_date":{"type":"string","description":"The day and time the user's access will expire.","description_kind":"plain","computed":true},"page_size":{"type":"number","description":"Number of results to return per page. Default is 200.","description_kind":"plain","optional":true},"resource_id":{"type":"string","description":"The ID of the resource.","description_kind":"plain","required":true},"status":{"type":"string","description":"The status of the user's access to the resource.","description_kind":"plain","computed":true},"user_id":{"type":"string","description":"The ID of the user.","description_kind":"plain","required":true}},"description":"ResourcesAccessStatus DataSource","description_kind":"markdown"}},"opal_resources_list":{"version":0,"block":{"attributes":{"cursor":{"type":"string","description":"The pagination cursor value.","description_kind":"plain","optional":true},"next":{"type":"string","description":"The cursor with which to continue pagination if additional result pages exist.","description_kind":"plain","computed":true},"page_size":{"type":"number","description":"Number of results to return per page. Default is 200.","description_kind":"plain","optional":true},"parent_resource_id":{"type":"string","description":"The parent resource id to filter by.","description_kind":"plain","optional":true},"previous":{"type":"string","description":"The cursor used to obtain the current result page.","description_kind":"plain","computed":true},"resource_ids":{"type":["list","string"],"description":"The resource ids to filter by.","description_kind":"plain","optional":true},"resource_name":{"type":"string","description":"Resource name.","description_kind":"plain","optional":true},"resource_type_filter":{"type":"string","description":"The resource type to filter by.","description_kind":"plain","optional":true},"results":{"nested_type":{"attributes":{"admin_owner_id":{"type":"string","description":"The ID of the owner of the resource.","description_kind":"plain","computed":true},"app_id":{"type":"string","description":"The ID of the app.","description_kind":"plain","computed":true},"custom_request_notification":{"type":"string","description":"Custom request notification sent upon request approval.","description_kind":"plain","computed":true},"description":{"type":"string","description":"A description of the resource.","description_kind":"plain","computed":true},"id":{"type":"string","description":"The ID of the resource.","description_kind":"plain","computed":true},"name":{"type":"string","description":"The name of the resource.","description_kind":"plain","computed":true},"parent_resource_id":{"type":"string","description":"The ID of the parent resource.","description_kind":"plain","computed":true},"remote_info":{"nested_type":{"attributes":{"aws_account":{"nested_type":{"attributes":{"account_id":{"type":"string","description":"The id of the AWS account.","description_kind":"plain","computed":true}},"nesting_mode":"single"},"description":"Remote info for AWS account.","description_kind":"plain","computed":true},"aws_ec2_instance":{"nested_type":{"attributes":{"account_id":{"type":"string","description":"The id of the AWS account. Required for AWS Organizations.","description_kind":"plain","computed":true},"instance_id":{"type":"string","description":"The instanceId of the EC2 instance.","description_kind":"plain","computed":true},"region":{"type":"string","description":"The region of the EC2 instance.","description_kind":"plain","computed":true}},"nesting_mode":"single"},"description":"Remote info for AWS EC2 instance.","description_kind":"plain","computed":true},"aws_eks_cluster":{"nested_type":{"attributes":{"account_id":{"type":"string","description":"The id of the AWS account. Required for AWS Organizations.","description_kind":"plain","computed":true},"arn":{"type":"string","description":"The ARN of the EKS cluster.","description_kind":"plain","computed":true}},"nesting_mode":"single"},"description":"Remote info for AWS EKS cluster.","description_kind":"plain","computed":true},"aws_iam_role":{"nested_type":{"attributes":{"account_id":{"type":"string","description":"The id of the AWS account. Required for AWS Organizations.","description_kind":"plain","computed":true},"arn":{"type":"string","description":"The ARN of the IAM role.","description_kind":"plain","computed":true}},"nesting_mode":"single"},"description":"Remote info for AWS IAM role.","description_kind":"plain","computed":true},"aws_permission_set":{"nested_type":{"attributes":{"account_id":{"type":"string","description":"The ID of an AWS account to which this permission set is provisioned.","description_kind":"plain","computed":true},"arn":{"type":"string","description":"The ARN of the permission set.","description_kind":"plain","computed":true}},"nesting_mode":"single"},"description":"Remote info for AWS Identity Center permission set.","description_kind":"plain","computed":true},"aws_rds_instance":{"nested_type":{"attributes":{"account_id":{"type":"string","description":"The id of the AWS account. Required for AWS Organizations.","description_kind":"plain","computed":true},"instance_id":{"type":"string","description":"The instanceId of the RDS instance.","description_kind":"plain","computed":true},"region":{"type":"string","description":"The region of the RDS instance.","description_kind":"plain","computed":true},"resource_id":{"type":"string","description":"The resourceId of the RDS instance.","description_kind":"plain","computed":true}},"nesting_mode":"single"},"description":"Remote info for AWS RDS instance.","description_kind":"plain","computed":true},"gcp_big_query_dataset":{"nested_type":{"attributes":{"dataset_id":{"type":"string","description":"The id of the dataset.","description_kind":"plain","computed":true},"project_id":{"type":"string","description":"The id of the project the dataset is in.","description_kind":"plain","computed":true}},"nesting_mode":"single"},"description":"Remote info for GCP BigQuery Dataset.","description_kind":"plain","computed":true},"gcp_big_query_table":{"nested_type":{"attributes":{"dataset_id":{"type":"string","description":"The id of the dataset the table is in.","description_kind":"plain","computed":true},"project_id":{"type":"string","description":"The id of the project the table is in.","description_kind":"plain","computed":true},"table_id":{"type":"string","description":"The id of the table.","description_kind":"plain","computed":true}},"nesting_mode":"single"},"description":"Remote info for GCP BigQuery Table.","description_kind":"plain","computed":true},"gcp_bucket":{"nested_type":{"attributes":{"bucket_id":{"type":"string","description":"The id of the bucket.","description_kind":"plain","computed":true}},"nesting_mode":"single"},"description":"Remote info for GCP bucket.","description_kind":"plain","computed":true},"gcp_compute_instance":{"nested_type":{"attributes":{"instance_id":{"type":"string","description":"The id of the instance.","description_kind":"plain","computed":true},"project_id":{"type":"string","description":"The id of the project the instance is in.","description_kind":"plain","computed":true},"zone":{"type":"string","description":"The zone the instance is in.","description_kind":"plain","computed":true}},"nesting_mode":"single"},"description":"Remote info for GCP compute instance.","description_kind":"plain","computed":true},"gcp_folder":{"nested_type":{"attributes":{"folder_id":{"type":"string","description":"The id of the folder.","description_kind":"plain","computed":true}},"nesting_mode":"single"},"description":"Remote info for GCP folder.","description_kind":"plain","computed":true},"gcp_gke_cluster":{"nested_type":{"attributes":{"cluster_name":{"type":"string","description":"The name of the GKE cluster.","description_kind":"plain","computed":true}},"nesting_mode":"single"},"description":"Remote info for GCP GKE cluster.","description_kind":"plain","computed":true},"gcp_organization":{"nested_type":{"attributes":{"organization_id":{"type":"string","description":"The id of the organization.","description_kind":"plain","computed":true}},"nesting_mode":"single"},"description":"Remote info for GCP organization.","description_kind":"plain","computed":true},"gcp_project":{"nested_type":{"attributes":{"project_id":{"type":"string","description":"The id of the project.","description_kind":"plain","computed":true}},"nesting_mode":"single"},"description":"Remote info for GCP project.","description_kind":"plain","computed":true},"gcp_service_account":{"nested_type":{"attributes":{"email":{"type":"string","description":"The email of the service account.","description_kind":"plain","computed":true},"project_id":{"type":"string","description":"The id of the project the service account is in.","description_kind":"plain","computed":true},"service_account_id":{"type":"string","description":"The id of the service account.","description_kind":"plain","computed":true}},"nesting_mode":"single"},"description":"Remote info for a GCP service account.","description_kind":"plain","computed":true},"gcp_sql_instance":{"nested_type":{"attributes":{"instance_id":{"type":"string","description":"The id of the SQL instance.","description_kind":"plain","computed":true},"project_id":{"type":"string","description":"The id of the project the instance is in.","description_kind":"plain","computed":true}},"nesting_mode":"single"},"description":"Remote info for GCP SQL instance.","description_kind":"plain","computed":true},"github_repo":{"nested_type":{"attributes":{"repo_name":{"type":"string","description":"The name of the repository.","description_kind":"plain","computed":true}},"nesting_mode":"single"},"description":"Remote info for GitHub repository.","description_kind":"plain","computed":true},"gitlab_project":{"nested_type":{"attributes":{"project_id":{"type":"string","description":"The id of the project.","description_kind":"plain","computed":true}},"nesting_mode":"single"},"description":"Remote info for Gitlab project.","description_kind":"plain","computed":true},"okta_app":{"nested_type":{"attributes":{"app_id":{"type":"string","description":"The id of the app.","description_kind":"plain","computed":true}},"nesting_mode":"single"},"description":"Remote info for Okta directory app.","description_kind":"plain","computed":true},"okta_custom_role":{"nested_type":{"attributes":{"role_id":{"type":"string","description":"The id of the custom role.","description_kind":"plain","computed":true}},"nesting_mode":"single"},"description":"Remote info for Okta directory custom role.","description_kind":"plain","computed":true},"okta_standard_role":{"nested_type":{"attributes":{"role_type":{"type":"string","description":"The type of the standard role.","description_kind":"plain","computed":true}},"nesting_mode":"single"},"description":"Remote info for Okta directory standard role.","description_kind":"plain","computed":true},"pagerduty_role":{"nested_type":{"attributes":{"role_name":{"type":"string","description":"The name of the role.","description_kind":"plain","computed":true}},"nesting_mode":"single"},"description":"Remote info for Pagerduty role.","description_kind":"plain","computed":true},"salesforce_permission_set":{"nested_type":{"attributes":{"permission_set_id":{"type":"string","description":"The id of the permission set.","description_kind":"plain","computed":true}},"nesting_mode":"single"},"description":"Remote info for Salesforce permission set.","description_kind":"plain","computed":true},"salesforce_profile":{"nested_type":{"attributes":{"profile_id":{"type":"string","description":"The id of the permission set.","description_kind":"plain","computed":true},"user_license_id":{"type":"string","description":"The id of the user license.","description_kind":"plain","computed":true}},"nesting_mode":"single"},"description":"Remote info for Salesforce profile.","description_kind":"plain","computed":true},"salesforce_role":{"nested_type":{"attributes":{"role_id":{"type":"string","description":"The id of the role.","description_kind":"plain","computed":true}},"nesting_mode":"single"},"description":"Remote info for Salesforce role.","description_kind":"plain","computed":true},"teleport_role":{"nested_type":{"attributes":{"role_name":{"type":"string","description":"The name role.","description_kind":"plain","computed":true}},"nesting_mode":"single"},"description":"Remote info for Teleport role.","description_kind":"plain","computed":true}},"nesting_mode":"single"},"description":"Information that defines the remote resource. This replaces the deprecated remote_id and metadata fields.","description_kind":"plain","computed":true},"request_configurations":{"nested_type":{"attributes":{"allow_requests":{"type":"bool","description":"A bool representing whether or not to allow requests for this resource.","description_kind":"plain","computed":true},"auto_approval":{"type":"bool","description":"A bool representing whether or not to automatically approve requests for this resource.","description_kind":"plain","computed":true},"condition":{"nested_type":{"attributes":{"group_ids":{"type":["set","string"],"description":"The list of group IDs to match.","description_kind":"plain","computed":true},"role_remote_ids":{"type":["set","string"],"description":"The list of role remote IDs to match.","description_kind":"plain","computed":true}},"nesting_mode":"single"},"description_kind":"plain","computed":true},"max_duration":{"type":"number","description":"The maximum duration for which the resource can be requested (in minutes).","description_kind":"plain","computed":true},"priority":{"type":"number","description":"The priority of the request configuration.","description_kind":"plain","computed":true},"recommended_duration":{"type":"number","description":"The recommended duration for which the resource should be requested (in minutes). -1 represents an indefinite duration.","description_kind":"plain","computed":true},"request_template_id":{"type":"string","description":"The ID of the associated request template.","description_kind":"plain","computed":true},"require_mfa_to_request":{"type":"bool","description":"A bool representing whether or not to require MFA for requesting access to this resource.","description_kind":"plain","computed":true},"require_support_ticket":{"type":"bool","description":"A bool representing whether or not access requests to the resource require an access ticket.","description_kind":"plain","computed":true},"reviewer_stages":{"nested_type":{"attributes":{"operator":{"type":"string","description":"The operator of the reviewer stage. Admin and manager approval are also treated as reviewers.","description_kind":"plain","computed":true},"owner_ids":{"type":["set","string"],"description_kind":"plain","computed":true},"require_admin_approval":{"type":"bool","description":"Whether this reviewer stage should require admin approval.","description_kind":"plain","computed":true},"require_manager_approval":{"type":"bool","description":"Whether this reviewer stage should require manager approval.","description_kind":"plain","computed":true}},"nesting_mode":"list"},"description":"The list of reviewer stages for the request configuration.","description_kind":"plain","computed":true}},"nesting_mode":"list"},"description":"A list of configurations for requests to this resource.","description_kind":"plain","computed":true},"require_mfa_to_approve":{"type":"bool","description":"A bool representing whether or not to require MFA for reviewers to approve requests for this resource.","description_kind":"plain","computed":true},"require_mfa_to_connect":{"type":"bool","description":"A bool representing whether or not to require MFA to connect to this resource.","description_kind":"plain","computed":true},"resource_type":{"type":"string","description":"The type of the resource.","description_kind":"plain","computed":true},"risk_sensitivity":{"type":"string","description":"The risk sensitivity level for the resource. When an override is set, this field will match that.","description_kind":"plain","computed":true},"risk_sensitivity_override":{"type":"string","description":"Indicates the level of potential impact misuse or unauthorized access may incur.","description_kind":"plain","computed":true},"ticket_propagation":{"nested_type":{"attributes":{"enabled_on_grant":{"type":"bool","description_kind":"plain","computed":true},"enabled_on_revocation":{"type":"bool","description_kind":"plain","computed":true},"ticket_project_id":{"type":"string","description_kind":"plain","computed":true},"ticket_provider":{"type":"string","description":"The third party ticketing platform provider.","description_kind":"plain","computed":true}},"nesting_mode":"single"},"description":"Configuration for ticket propagation, when enabled, a ticket will be created for access changes related to the users in this resource.","description_kind":"plain","computed":true}},"nesting_mode":"list"},"description_kind":"plain","computed":true}},"description":"ResourcesList DataSource","description_kind":"markdown"}},"opal_resources_users_list":{"version":0,"block":{"attributes":{"limit":{"type":"number","description":"Limit the number of results returned.","description_kind":"plain","optional":true},"resource_id":{"type":"string","description":"The ID of the resource.","description_kind":"plain","required":true},"results":{"nested_type":{"attributes":{"access_level":{"nested_type":{"attributes":{"access_level_name":{"type":"string","description":"The human-readable name of the access level.","description_kind":"plain","computed":true},"access_level_remote_id":{"type":"string","description":"The machine-readable identifier of the access level.","description_kind":"plain","computed":true}},"nesting_mode":"single"},"description":"# Access Level Object\n### Description\nThe `AccessLevel` object is used to represent the level of access that a principal has. The \"default\" access\nlevel is a `AccessLevel` object whose fields are all empty strings.\n\n### Usage Example\nView the `AccessLevel` of a resource/user or resource/group pair to see the level of access granted to the resource.","description_kind":"markdown","computed":true},"email":{"type":"string","description":"The user's email.","description_kind":"plain","computed":true},"expiration_date":{"type":"string","description":"The day and time the user's access will expire.","description_kind":"plain","computed":true},"full_name":{"type":"string","description":"The user's full name.","description_kind":"plain","computed":true},"has_direct_access":{"type":"bool","description":"The user has direct access to this resources (vs. indirectly, like through a group).","description_kind":"plain","computed":true},"num_access_paths":{"type":"number","description":"The number of ways in which the user has access through this resource (directly and indirectly).","description_kind":"plain","computed":true},"propagation_status":{"nested_type":{"attributes":{"status":{"type":"string","description":"The status of whether the user has been synced to the group or resource in the remote system.","description_kind":"plain","computed":true}},"nesting_mode":"single"},"description":"The state of whether the push action was propagated to the remote system. If this is null, the access was synced from the remote system.","description_kind":"plain","computed":true},"resource_id":{"type":"string","description":"The ID of the resource.","description_kind":"plain","computed":true},"user_id":{"type":"string","description":"The ID of the user.","description_kind":"plain","computed":true}},"nesting_mode":"list"},"description_kind":"plain","computed":true}},"description":"ResourcesUsersList DataSource","description_kind":"markdown"}},"opal_sessions":{"version":0,"block":{"attributes":{"next":{"type":"string","description":"The cursor with which to continue pagination if additional result pages exist.","description_kind":"plain","computed":true},"previous":{"type":"string","description":"The cursor used to obtain the current result page.","description_kind":"plain","computed":true},"resource_id":{"type":"string","description":"The ID of the resource.","description_kind":"plain","required":true},"results":{"nested_type":{"attributes":{"access_level":{"nested_type":{"attributes":{"access_level_name":{"type":"string","description":"The human-readable name of the access level.","description_kind":"plain","computed":true},"access_level_remote_id":{"type":"string","description":"The machine-readable identifier of the access level.","description_kind":"plain","computed":true}},"nesting_mode":"single"},"description":"# Access Level Object\n### Description\nThe `AccessLevel` object is used to represent the level of access that a principal has. The \"default\" access\nlevel is a `AccessLevel` object whose fields are all empty strings.\n\n### Usage Example\nView the `AccessLevel` of a resource/user or resource/group pair to see the level of access granted to the resource.","description_kind":"markdown","computed":true},"connection_id":{"type":"string","description":"The ID of the connection.","description_kind":"plain","computed":true},"expiration_date":{"type":"string","description":"The day and time the user's access will expire.","description_kind":"plain","computed":true},"resource_id":{"type":"string","description":"The ID of the resource.","description_kind":"plain","computed":true},"user_id":{"type":"string","description":"The ID of the user.","description_kind":"plain","computed":true}},"nesting_mode":"list"},"description_kind":"plain","computed":true},"user_id":{"type":"string","description":"The ID of the user you wish to query sessions for.","description_kind":"plain","optional":true}},"description":"Sessions DataSource","description_kind":"markdown"}},"opal_tag":{"version":0,"block":{"attributes":{"created_at":{"type":"string","description":"The date the tag was created.","description_kind":"plain","computed":true},"id":{"type":"string","description":"The tag ID","description_kind":"plain","required":true},"key":{"type":"string","description":"The key of the tag.","description_kind":"plain","computed":true},"updated_at":{"type":"string","description":"The date the tag was last updated.","description_kind":"plain","computed":true},"user_creator_id":{"type":"string","description":"The ID of the user that created the tag.","description_kind":"plain","computed":true},"value":{"type":"string","description":"The value of the tag.","description_kind":"plain","computed":true}},"description":"Tag DataSource","description_kind":"markdown"}},"opal_tags_list":{"version":0,"block":{"attributes":{"cursor":{"type":"string","description":"The pagination cursor value.","description_kind":"plain","optional":true},"next":{"type":"string","description":"The cursor with which to continue pagination if additional result pages exist.","description_kind":"plain","computed":true},"page_size":{"type":"number","description":"Number of results to return per page. Default is 200.","description_kind":"plain","optional":true},"previous":{"type":"string","description":"The cursor used to obtain the current result page.","description_kind":"plain","computed":true},"results":{"nested_type":{"attributes":{"created_at":{"type":"string","description":"The date the tag was created.","description_kind":"plain","computed":true},"id":{"type":"string","description":"The ID of the tag.","description_kind":"plain","computed":true},"key":{"type":"string","description":"The key of the tag.","description_kind":"plain","computed":true},"updated_at":{"type":"string","description":"The date the tag was last updated.","description_kind":"plain","computed":true},"user_creator_id":{"type":"string","description":"The ID of the user that created the tag.","description_kind":"plain","computed":true},"value":{"type":"string","description":"The value of the tag.","description_kind":"plain","computed":true}},"nesting_mode":"list"},"description_kind":"plain","computed":true}},"description":"TagsList DataSource","description_kind":"markdown"}},"opal_uar":{"version":0,"block":{"attributes":{"deadline":{"type":"string","description":"The last day for reviewers to complete their access reviews.","description_kind":"plain","computed":true},"name":{"type":"string","description":"The name of the UAR.","description_kind":"plain","computed":true},"reviewer_assignment_policy":{"type":"string","description":"A policy for auto-assigning reviewers. If auto-assignment is on, specific assignments can still be manually adjusted after the access review is started. Default is Manually.","description_kind":"plain","computed":true},"self_review_allowed":{"type":"bool","description":"A bool representing whether to present a warning when a user is the only reviewer for themself. Default is False.","description_kind":"plain","computed":true},"send_reviewer_assignment_notification":{"type":"bool","description":"A bool representing whether to send a notification to reviewers when they're assigned a new review. Default is False.","description_kind":"plain","computed":true},"time_zone":{"type":"string","description":"The time zone name (as defined by the IANA Time Zone database) used in the access review deadline and exported audit report. Default is America/Los_Angeles.","description_kind":"plain","computed":true},"uar_id":{"type":"string","description":"The ID of the UAR.","description_kind":"plain","required":true},"uar_scope":{"nested_type":{"attributes":{"admins":{"type":["list","string"],"description":"This access review will include resources and groups who are owned by one of the owners corresponding to the given IDs.","description_kind":"plain","computed":true},"apps":{"type":["list","string"],"description":"This access review will include items in the specified applications","description_kind":"plain","computed":true},"entities":{"type":["list","string"],"description":"This access review will include resources and groups with ids in the given strings.","description_kind":"plain","computed":true},"filter_operator":{"type":"string","description":"Specifies whether entities must match all (AND) or any (OR) of the filters.","description_kind":"plain","computed":true},"group_types":{"type":["list","string"],"description":"This access review will include items of the specified group types","description_kind":"plain","computed":true},"group_visibility":{"type":"string","description":"Specifies what users can see during an Access Review","description_kind":"plain","computed":true},"include_group_bindings":{"type":"bool","description_kind":"plain","computed":true},"names":{"type":["list","string"],"description":"This access review will include resources and groups whose name contains one of the given strings.","description_kind":"plain","computed":true},"resource_types":{"type":["list","string"],"description":"This access review will include items of the specified resource types","description_kind":"plain","computed":true},"tags":{"nested_type":{"attributes":{"key":{"type":"string","description":"The key of the tag.","description_kind":"plain","computed":true},"value":{"type":"string","description":"The value of the tag.","description_kind":"plain","computed":true}},"nesting_mode":"list"},"description":"This access review will include resources and groups who are tagged with one of the given tags.","description_kind":"plain","computed":true},"users":{"type":["list","string"],"description":"The access review will only include the following users. If any users are selected, any entity filters will be applied to only the entities that the selected users have access to.","description_kind":"plain","computed":true}},"nesting_mode":"single"},"description":"If set, the access review will only contain resources and groups that match at least one of the filters in scope.","description_kind":"plain","computed":true}},"description":"Uar DataSource","description_kind":"markdown"}},"opal_uars_list":{"version":0,"block":{"attributes":{"cursor":{"type":"string","description":"The pagination cursor value.","description_kind":"plain","optional":true},"next":{"type":"string","description":"The cursor with which to continue pagination if additional result pages exist.","description_kind":"plain","computed":true},"page_size":{"type":"number","description":"Number of results to return per page. Default is 200.","description_kind":"plain","optional":true},"previous":{"type":"string","description":"The cursor used to obtain the current result page.","description_kind":"plain","computed":true},"results":{"nested_type":{"attributes":{"deadline":{"type":"string","description":"The last day for reviewers to complete their access reviews.","description_kind":"plain","computed":true},"name":{"type":"string","description":"The name of the UAR.","description_kind":"plain","computed":true},"reviewer_assignment_policy":{"type":"string","description":"A policy for auto-assigning reviewers. If auto-assignment is on, specific assignments can still be manually adjusted after the access review is started. Default is Manually.","description_kind":"plain","computed":true},"self_review_allowed":{"type":"bool","description":"A bool representing whether to present a warning when a user is the only reviewer for themself. Default is False.","description_kind":"plain","computed":true},"send_reviewer_assignment_notification":{"type":"bool","description":"A bool representing whether to send a notification to reviewers when they're assigned a new review. Default is False.","description_kind":"plain","computed":true},"time_zone":{"type":"string","description":"The time zone name (as defined by the IANA Time Zone database) used in the access review deadline and exported audit report. Default is America/Los_Angeles.","description_kind":"plain","computed":true},"uar_id":{"type":"string","description":"The ID of the UAR.","description_kind":"plain","computed":true},"uar_scope":{"nested_type":{"attributes":{"admins":{"type":["list","string"],"description":"This access review will include resources and groups who are owned by one of the owners corresponding to the given IDs.","description_kind":"plain","computed":true},"apps":{"type":["list","string"],"description":"This access review will include items in the specified applications","description_kind":"plain","computed":true},"entities":{"type":["list","string"],"description":"This access review will include resources and groups with ids in the given strings.","description_kind":"plain","computed":true},"filter_operator":{"type":"string","description":"Specifies whether entities must match all (AND) or any (OR) of the filters.","description_kind":"plain","computed":true},"group_types":{"type":["list","string"],"description":"This access review will include items of the specified group types","description_kind":"plain","computed":true},"group_visibility":{"type":"string","description":"Specifies what users can see during an Access Review","description_kind":"plain","computed":true},"include_group_bindings":{"type":"bool","description_kind":"plain","computed":true},"names":{"type":["list","string"],"description":"This access review will include resources and groups whose name contains one of the given strings.","description_kind":"plain","computed":true},"resource_types":{"type":["list","string"],"description":"This access review will include items of the specified resource types","description_kind":"plain","computed":true},"tags":{"nested_type":{"attributes":{"key":{"type":"string","description":"The key of the tag.","description_kind":"plain","computed":true},"value":{"type":"string","description":"The value of the tag.","description_kind":"plain","computed":true}},"nesting_mode":"list"},"description":"This access review will include resources and groups who are tagged with one of the given tags.","description_kind":"plain","computed":true},"users":{"type":["list","string"],"description":"The access review will only include the following users. If any users are selected, any entity filters will be applied to only the entities that the selected users have access to.","description_kind":"plain","computed":true}},"nesting_mode":"single"},"description":"If set, the access review will only contain resources and groups that match at least one of the filters in scope.","description_kind":"plain","computed":true}},"nesting_mode":"list"},"description_kind":"plain","computed":true}},"description":"UARSList DataSource","description_kind":"markdown"}},"opal_user":{"version":0,"block":{"attributes":{"email":{"type":"string","description":"The email of the user. If both user ID and email are provided, user ID will take precedence. If neither are provided, an error will occur.","description_kind":"plain","optional":true,"computed":true},"first_name":{"type":"string","description":"The first name of the user.","description_kind":"plain","computed":true},"hr_idp_status":{"type":"string","description":"User status pulled from an HR/IDP provider.","description_kind":"plain","computed":true},"id":{"type":"string","description":"The user ID of the user.","description_kind":"plain","optional":true,"computed":true},"last_name":{"type":"string","description":"The last name of the user.","description_kind":"plain","computed":true},"name":{"type":"string","description":"The full name of the user.","description_kind":"plain","computed":true},"position":{"type":"string","description":"The user's position.","description_kind":"plain","computed":true}},"description":"User DataSource","description_kind":"markdown"}},"opal_user_tags":{"version":0,"block":{"attributes":{"tags":{"nested_type":{"attributes":{"created_at":{"type":"string","description":"The date the tag was created.","description_kind":"plain","computed":true},"id":{"type":"string","description":"The ID of the tag.","description_kind":"plain","computed":true},"key":{"type":"string","description":"The key of the tag.","description_kind":"plain","computed":true},"updated_at":{"type":"string","description":"The date the tag was last updated.","description_kind":"plain","computed":true},"user_creator_id":{"type":"string","description":"The ID of the user that created the tag.","description_kind":"plain","computed":true},"value":{"type":"string","description":"The value of the tag.","description_kind":"plain","computed":true}},"nesting_mode":"list"},"description_kind":"plain","computed":true},"user_id":{"type":"string","description":"The ID of the user whose tags to return.","description_kind":"plain","required":true}},"description":"UserTags DataSource","description_kind":"markdown"}},"opal_users":{"version":0,"block":{"attributes":{"cursor":{"type":"string","description":"The pagination cursor value.","description_kind":"plain","optional":true},"next":{"type":"string","description":"The cursor with which to continue pagination if additional result pages exist.","description_kind":"plain","computed":true},"page_size":{"type":"number","description":"Number of results to return per page. Default is 200.","description_kind":"plain","optional":true},"previous":{"type":"string","description":"The cursor used to obtain the current result page.","description_kind":"plain","computed":true},"results":{"nested_type":{"attributes":{"email":{"type":"string","description":"The email of the user.","description_kind":"plain","computed":true},"first_name":{"type":"string","description":"The first name of the user.","description_kind":"plain","computed":true},"hr_idp_status":{"type":"string","description":"User status pulled from an HR/IDP provider.","description_kind":"plain","computed":true},"id":{"type":"string","description":"The ID of the user.","description_kind":"plain","computed":true},"last_name":{"type":"string","description":"The last name of the user.","description_kind":"plain","computed":true},"name":{"type":"string","description":"The full name of the user.","description_kind":"plain","computed":true},"position":{"type":"string","description":"The user's position.","description_kind":"plain","computed":true}},"nesting_mode":"list"},"description_kind":"plain","computed":true}},"description":"Users DataSource","description_kind":"markdown"}}}}}}
