{
  "version": 4,
  "terraform_version": "1.7.4",
  "serial": 145,
  "lineage": "ca951f74-2d01-2111-b823-6ad2a3ae7a0d",
  "outputs": {},
  "resources": [
    {
      "mode": "data",
      "type": "opal_app",
      "name": "aws",
      "provider": "provider[\"registry.terraform.io/opalsecurity/opal\"]",
      "instances": [
        {
          "schema_version": 0,
          "attributes": {
            "admin_owner_id": "3c115e1c-1534-4c0f-a500-4121d4394aca",
            "description": "Our production engineering account for AWS.",
            "id": "9d661e74-c0bf-4ea3-b272-b97a4e0361db",
            "name": "Prod AWS Account",
            "type": "AWS"
          },
          "sensitive_attributes": []
        }
      ]
    },
    {
      "mode": "data",
      "type": "opal_app",
      "name": "custom",
      "provider": "provider[\"registry.terraform.io/opalsecurity/opal\"]",
      "instances": [
        {
          "schema_version": 0,
          "attributes": {
            "admin_owner_id": "e22cf632-a627-4f23-b8d0-309ca64acf49",
            "description": "Connection to company's internal admin tool.",
            "id": "7f6f2ab7-7c6f-43f4-9c59-3ed6b6e2025b",
            "name": "Internal Admin Tool",
            "type": "CUSTOM"
          },
          "sensitive_attributes": []
        }
      ]
    },
    {
      "mode": "data",
      "type": "opal_app",
      "name": "okta",
      "provider": "provider[\"registry.terraform.io/opalsecurity/opal\"]",
      "instances": [
        {
          "schema_version": 0,
          "attributes": {
            "admin_owner_id": "0104d9a2-501c-4c06-8edf-55b3ef75617e",
            "description": "okta",
            "id": "b6e7837c-87a3-48b1-9567-ac3a8fee9531",
            "name": "Okta Prod",
            "type": "OKTA_DIRECTORY"
          },
          "sensitive_attributes": []
        }
      ]
    },
    {
      "mode": "data",
      "type": "opal_app",
      "name": "opal",
      "provider": "provider[\"registry.terraform.io/opalsecurity/opal\"]",
      "instances": [
        {
          "schema_version": 0,
          "attributes": {
            "admin_owner_id": "c3a18f14-e7d7-4f1b-9722-1d286504c37b",
            "description": "Connection to the Opal product.",
            "id": "aea343c8-23f8-406e-8c55-525b38aad011",
            "name": "Opal",
            "type": "OPAL"
          },
          "sensitive_attributes": []
        }
      ]
    },
    {
      "mode": "data",
      "type": "opal_user",
      "name": "amruth",
      "provider": "provider[\"registry.terraform.io/opalsecurity/opal\"]",
      "instances": [
        {
          "schema_version": 0,
          "attributes": {
            "email": "amruth@opal.dev",
            "first_name": "Amruth",
            "hr_idp_status": null,
            "id": "266692f7-006e-47fe-9ef3-a283a02e116d",
            "last_name": "Venkatraman",
            "name": "Amruth Venkatraman",
            "position": "Software Engineer"
          },
          "sensitive_attributes": []
        }
      ]
    },
    {
      "mode": "managed",
      "type": "opal_group",
      "name": "foobarbaz",
      "provider": "provider[\"registry.terraform.io/opalsecurity/opal\"]",
      "instances": [
        {
          "schema_version": 0,
          "attributes": {
            "admin_owner_id": "104d865f-a496-4861-a77f-a86b7758dc9b",
            "app_id": "b6e7837c-87a3-48b1-9567-ac3a8fee9531",
            "auto_approval": false,
            "description": "",
            "group_binding_id": null,
            "group_type": "OKTA_GROUP",
            "id": "5440abb8-1481-4e6a-bd2f-bb02e866cbf8",
            "is_requestable": true,
            "max_duration": null,
            "message_channel_ids": [],
            "message_channels": {
              "channels": null
            },
            "name": "foobarbaz",
            "on_call_schedule_ids": [],
            "oncall_schedules": {
              "id": null,
              "name": null,
              "remote_id": null,
              "third_party_provider": null
            },
            "recommended_duration": null,
            "remote_id": "dummy value #2",
            "remote_info": {
              "active_directory_group": null,
              "azure_ad_microsoft_365_group": null,
              "azure_ad_security_group": null,
              "duo_group": null,
              "github_team": null,
              "gitlab_group": null,
              "google_group": null,
              "ldap_group": null,
              "okta_group": {
                "group_id": "dummy value #2"
              }
            },
            "remote_name": "foobarbaz",
            "request_configuration_list_data": [
              {
                "allow_requests": true,
                "auto_approval": false,
                "condition": null,
                "max_duration": null,
                "priority": 0,
                "recommended_duration": null,
                "request_template_id": null,
                "require_mfa_to_request": false,
                "require_support_ticket": false,
                "reviewer_stages": null
              }
            ],
            "request_configurations": [
              {
                "allow_requests": true,
                "auto_approval": false,
                "condition": null,
                "max_duration": null,
                "priority": 0,
                "recommended_duration": null,
                "request_template_id": null,
                "require_mfa_to_request": false,
                "require_support_ticket": false,
                "reviewer_stages": null
              }
            ],
            "request_template_id": null,
            "require_mfa_to_approve": false,
            "require_mfa_to_request": false,
            "require_support_ticket": false,
            "visibility": "GLOBAL",
            "visibility_group_ids": [],
            "visibility_info": {
              "visibility": "GLOBAL",
              "visibility_group_ids": []
            }
          },
          "sensitive_attributes": [],
          "dependencies": [
            "data.opal_app.okta",
            "data.opal_user.amruth",
            "opal_message_channel.my_messagechannel",
            "opal_owner.security"
          ]
        }
      ]
    },
    {
      "mode": "managed",
      "type": "opal_group",
      "name": "okta",
      "provider": "provider[\"registry.terraform.io/opalsecurity/opal\"]",
      "instances": [
        {
          "schema_version": 0,
          "attributes": {
            "admin_owner_id": "104d865f-a496-4861-a77f-a86b7758dc9b",
            "app_id": "b6e7837c-87a3-48b1-9567-ac3a8fee9531",
            "auto_approval": true,
            "description": "",
            "group_binding_id": null,
            "group_type": "OKTA_GROUP",
            "id": "02ea439b-d294-4bbc-9a75-276c67f51493",
            "is_requestable": true,
            "max_duration": 10,
            "message_channel_ids": [],
            "message_channels": {
              "channels": null
            },
            "name": "Made up okta group",
            "on_call_schedule_ids": [],
            "oncall_schedules": {
              "id": null,
              "name": null,
              "remote_id": null,
              "third_party_provider": null
            },
            "recommended_duration": 15,
            "remote_id": "dummy value",
            "remote_info": {
              "active_directory_group": null,
              "azure_ad_microsoft_365_group": null,
              "azure_ad_security_group": null,
              "duo_group": null,
              "github_team": null,
              "gitlab_group": null,
              "google_group": null,
              "ldap_group": null,
              "okta_group": {
                "group_id": "dummy value"
              }
            },
            "remote_name": "Made up okta group",
            "request_configuration_list_data": [
              {
                "allow_requests": true,
                "auto_approval": true,
                "condition": null,
                "max_duration": 10,
                "priority": 0,
                "recommended_duration": 15,
                "request_template_id": "57fb47fa-afe3-4a4d-9d40-a644ca8279d3",
                "require_mfa_to_request": true,
                "require_support_ticket": true,
                "reviewer_stages": null
              },
              {
                "allow_requests": true,
                "auto_approval": false,
                "condition": {
                  "group_ids": [
                    "10ae1e8d-7d02-45a1-8754-2958a215acb8"
                  ],
                  "role_remote_ids": [
                    "full"
                  ]
                },
                "max_duration": 1,
                "priority": 1,
                "recommended_duration": 5,
                "request_template_id": null,
                "require_mfa_to_request": true,
                "require_support_ticket": true,
                "reviewer_stages": [
                  {
                    "operator": "AND",
                    "owner_ids": [
                      "104d865f-a496-4861-a77f-a86b7758dc9b"
                    ],
                    "require_manager_approval": false
                  }
                ]
              }
            ],
            "request_configurations": [],
            "request_template_id": "57fb47fa-afe3-4a4d-9d40-a644ca8279d3",
            "require_mfa_to_approve": false,
            "require_mfa_to_request": true,
            "require_support_ticket": true,
            "visibility": "GLOBAL",
            "visibility_group_ids": [],
            "visibility_info": {
              "visibility": "GLOBAL",
              "visibility_group_ids": []
            }
          },
          "sensitive_attributes": [],
          "dependencies": [
            "data.opal_app.okta",
            "data.opal_user.amruth",
            "opal_message_channel.my_messagechannel",
            "opal_owner.security"
          ]
        }
      ]
    },
    {
      "mode": "managed",
      "type": "opal_group",
      "name": "oncall",
      "provider": "provider[\"registry.terraform.io/opalsecurity/opal\"]",
      "instances": [
        {
          "schema_version": 0,
          "attributes": {
            "admin_owner_id": "104d865f-a496-4861-a77f-a86b7758dc9b",
            "app_id": "aea343c8-23f8-406e-8c55-525b38aad011",
            "auto_approval": false,
            "description": "",
            "group_binding_id": null,
            "group_type": "OPAL_GROUP",
            "id": "10ae1e8d-7d02-45a1-8754-2958a215acb8",
            "is_requestable": true,
            "max_duration": null,
            "message_channel_ids": [],
            "message_channels": {
              "channels": null
            },
            "name": "On-Call Rotation 2",
            "on_call_schedule_ids": [],
            "oncall_schedules": {
              "id": null,
              "name": null,
              "remote_id": null,
              "third_party_provider": null
            },
            "recommended_duration": null,
            "remote_id": "10ae1e8d-7d02-45a1-8754-2958a215acb8",
            "remote_info": null,
            "remote_name": "On-Call Rotation 2",
            "request_configuration_list_data": [
              {
                "allow_requests": true,
                "auto_approval": false,
                "condition": null,
                "max_duration": null,
                "priority": 0,
                "recommended_duration": null,
                "request_template_id": null,
                "require_mfa_to_request": false,
                "require_support_ticket": false,
                "reviewer_stages": null
              }
            ],
            "request_configurations": [
              {
                "allow_requests": true,
                "auto_approval": false,
                "condition": null,
                "max_duration": null,
                "priority": 0,
                "recommended_duration": null,
                "request_template_id": null,
                "require_mfa_to_request": false,
                "require_support_ticket": false,
                "reviewer_stages": null
              }
            ],
            "request_template_id": null,
            "require_mfa_to_approve": false,
            "require_mfa_to_request": false,
            "require_support_ticket": false,
            "visibility": "LIMITED",
            "visibility_group_ids": null,
            "visibility_info": {
              "visibility": "LIMITED",
              "visibility_group_ids": []
            }
          },
          "sensitive_attributes": [],
          "dependencies": [
            "data.opal_app.opal",
            "data.opal_user.amruth",
            "opal_message_channel.my_messagechannel",
            "opal_owner.security"
          ]
        }
      ]
    },
    {
      "mode": "managed",
      "type": "opal_group_resource_list",
      "name": "my_groupresourcelist",
      "provider": "provider[\"registry.terraform.io/opalsecurity/opal\"]",
      "instances": [
        {
          "schema_version": 0,
          "attributes": {
            "group_id": "02ea439b-d294-4bbc-9a75-276c67f51493",
            "group_resources": [
              {
                "access_level": {
                  "access_level_name": "",
                  "access_level_remote_id": ""
                },
                "group_id": "02ea439b-d294-4bbc-9a75-276c67f51493",
                "resource_id": "8f7811e8-8e07-4b46-82ca-b5cb9e0472bc"
              }
            ],
            "resources": [
              {
                "access_level_remote_id": null,
                "resource_id": "8f7811e8-8e07-4b46-82ca-b5cb9e0472bc"
              }
            ]
          },
          "sensitive_attributes": [],
          "dependencies": [
            "data.opal_app.custom",
            "data.opal_app.okta",
            "data.opal_user.amruth",
            "opal_group.okta",
            "opal_message_channel.my_messagechannel",
            "opal_owner.security",
            "opal_resource.sensitive_resource"
          ]
        }
      ]
    },
    {
      "mode": "managed",
      "type": "opal_group_tag",
      "name": "my_grouptag",
      "provider": "provider[\"registry.terraform.io/opalsecurity/opal\"]",
      "instances": [
        {
          "schema_version": 0,
          "attributes": {
            "group_id": "02ea439b-d294-4bbc-9a75-276c67f51493",
            "tag_id": "811afacc-c425-4d32-abb4-5e0400e0d01d"
          },
          "sensitive_attributes": [],
          "dependencies": [
            "data.opal_app.okta",
            "data.opal_user.amruth",
            "opal_group.okta",
            "opal_message_channel.my_messagechannel",
            "opal_owner.security",
            "opal_tag.my_tag"
          ]
        }
      ]
    },
    {
      "mode": "managed",
      "type": "opal_groups_user",
      "name": "my_groupsuser",
      "provider": "provider[\"registry.terraform.io/opalsecurity/opal\"]",
      "instances": [
        {
          "schema_version": 0,
          "attributes": {
            "access_level": null,
            "access_level_remote_id": null,
            "duration_minutes": 120,
            "email": "amruth@opal.dev",
            "expiration_date": "2024-03-26T00:39:00.507785Z",
            "full_name": "Amruth Venkatraman",
            "group_id": "02ea439b-d294-4bbc-9a75-276c67f51493",
            "user_id": "266692f7-006e-47fe-9ef3-a283a02e116d"
          },
          "sensitive_attributes": [],
          "dependencies": [
            "data.opal_app.okta",
            "data.opal_user.amruth",
            "opal_group.okta",
            "opal_message_channel.my_messagechannel",
            "opal_owner.security"
          ]
        }
      ]
    },
    {
      "mode": "managed",
      "type": "opal_message_channel",
      "name": "my_messagechannel",
      "provider": "provider[\"registry.terraform.io/opalsecurity/opal\"]",
      "instances": [
        {
          "schema_version": 0,
          "attributes": {
            "id": "6d78aa60-d986-40a6-ace2-82a376632ee2",
            "is_private": false,
            "name": "adrian-test-channel",
            "remote_id": "C03FJR97276",
            "third_party_provider": "SLACK"
          },
          "sensitive_attributes": []
        }
      ]
    },
    {
      "mode": "managed",
      "type": "opal_owner",
      "name": "security",
      "provider": "provider[\"registry.terraform.io/opalsecurity/opal\"]",
      "instances": [
        {
          "schema_version": 0,
          "attributes": {
            "access_request_escalation_period": 15,
            "description": "Test owner description",
            "id": "104d865f-a496-4861-a77f-a86b7758dc9b",
            "name": "Security Team 2",
            "reviewer_message_channel_id": "6d78aa60-d986-40a6-ace2-82a376632ee2",
            "source_group_id": null,
            "user_ids": [
              "8ee65686-6c2c-4fca-a996-8d4b88137e4e",
              "266692f7-006e-47fe-9ef3-a283a02e116d"
            ]
          },
          "sensitive_attributes": [],
          "dependencies": [
            "data.opal_user.amruth",
            "opal_message_channel.my_messagechannel"
          ]
        }
      ]
    },
    {
      "mode": "managed",
      "type": "opal_resource",
      "name": "another_one",
      "provider": "provider[\"registry.terraform.io/opalsecurity/opal\"]",
      "instances": [
        {
          "schema_version": 0,
          "attributes": {
            "admin_owner_id": "104d865f-a496-4861-a77f-a86b7758dc9b",
            "app_id": "9d661e74-c0bf-4ea3-b272-b97a4e0361db",
            "auto_approval": false,
            "description": "Another One",
            "id": "44ffffab-84ec-448b-bbd7-d221feb3b9cf",
            "is_requestable": true,
            "max_duration": null,
            "name": "Another Resource",
            "parent_resource_id": null,
            "recommended_duration": null,
            "remote_info": {
              "aws_account": null,
              "aws_ec2_instance": {
                "account_id": "123456789012",
                "instance_id": "i-012abcd34efghinew",
                "region": "us-east-1"
              },
              "aws_eks_cluster": null,
              "aws_iam_role": null,
              "aws_permission_set": null,
              "aws_rds_instance": null,
              "gcp_big_query_dataset": null,
              "gcp_big_query_table": null,
              "gcp_bucket": null,
              "gcp_compute_instance": null,
              "gcp_folder": null,
              "gcp_gke_cluster": null,
              "gcp_organization": null,
              "gcp_project": null,
              "gcp_sql_instance": null,
              "github_repo": null,
              "gitlab_project": null,
              "okta_app": null,
              "okta_custom_role": null,
              "okta_standard_role": null,
              "pagerduty_role": null,
              "salesforce_permission_set": null,
              "salesforce_profile": null,
              "salesforce_role": null,
              "teleport_role": null
            },
            "remote_resource_id": "i-012abcd34efghinew",
            "remote_resource_name": "Another Resource",
            "request_configurations": [
              {
                "allow_requests": true,
                "auto_approval": false,
                "condition": null,
                "max_duration": null,
                "priority": 0,
                "recommended_duration": null,
                "request_template_id": null,
                "require_mfa_to_request": false,
                "require_support_ticket": false,
                "reviewer_stages": null
              }
            ],
            "request_template_id": null,
            "require_mfa_to_approve": false,
            "require_mfa_to_connect": false,
            "require_mfa_to_request": false,
            "require_support_ticket": false,
            "resource_type": "AWS_EC2_INSTANCE",
            "visibility": "LIMITED",
            "visibility_group_ids": []
          },
          "sensitive_attributes": [],
          "dependencies": [
            "data.opal_app.aws",
            "data.opal_user.amruth",
            "opal_message_channel.my_messagechannel",
            "opal_owner.security"
          ]
        }
      ]
    },
    {
      "mode": "managed",
      "type": "opal_resource",
      "name": "sensitive_resource",
      "provider": "provider[\"registry.terraform.io/opalsecurity/opal\"]",
      "instances": [
        {
          "schema_version": 0,
          "attributes": {
            "admin_owner_id": "104d865f-a496-4861-a77f-a86b7758dc9b",
            "app_id": "7f6f2ab7-7c6f-43f4-9c59-3ed6b6e2025b",
            "auto_approval": false,
            "description": "A sensitive resource that should be accessed for on-call only.",
            "id": "8f7811e8-8e07-4b46-82ca-b5cb9e0472bc",
            "is_requestable": true,
            "max_duration": null,
            "name": "Sensitive Resource",
            "parent_resource_id": null,
            "recommended_duration": null,
            "remote_info": null,
            "remote_resource_id": "c85cbe4d-d878-4617-9a14-1d091c92618a",
            "remote_resource_name": "Sensitive Resource",
            "request_configurations": [
              {
                "allow_requests": true,
                "auto_approval": false,
                "condition": null,
                "max_duration": null,
                "priority": 0,
                "recommended_duration": null,
                "request_template_id": null,
                "require_mfa_to_request": false,
                "require_support_ticket": false,
                "reviewer_stages": null
              }
            ],
            "request_template_id": null,
            "require_mfa_to_approve": false,
            "require_mfa_to_connect": false,
            "require_mfa_to_request": false,
            "require_support_ticket": false,
            "resource_type": "CUSTOM",
            "visibility": "LIMITED",
            "visibility_group_ids": []
          },
          "sensitive_attributes": [],
          "dependencies": [
            "data.opal_app.custom",
            "data.opal_user.amruth",
            "opal_message_channel.my_messagechannel",
            "opal_owner.security"
          ]
        }
      ]
    },
    {
      "mode": "managed",
      "type": "opal_resource_tag",
      "name": "my_resourcetag",
      "provider": "provider[\"registry.terraform.io/opalsecurity/opal\"]",
      "instances": [
        {
          "schema_version": 0,
          "attributes": {
            "resource_id": "8f7811e8-8e07-4b46-82ca-b5cb9e0472bc",
            "tag_id": "811afacc-c425-4d32-abb4-5e0400e0d01d"
          },
          "sensitive_attributes": [],
          "dependencies": [
            "data.opal_app.custom",
            "data.opal_user.amruth",
            "opal_message_channel.my_messagechannel",
            "opal_owner.security",
            "opal_resource.sensitive_resource",
            "opal_tag.my_tag"
          ]
        }
      ]
    },
    {
      "mode": "managed",
      "type": "opal_resources_users",
      "name": "my_resourcesusers",
      "provider": "provider[\"registry.terraform.io/opalsecurity/opal\"]",
      "instances": [
        {
          "schema_version": 0,
          "attributes": {
            "access_level": {
              "access_level_name": "",
              "access_level_remote_id": ""
            },
            "access_level_remote_id": null,
            "duration_minutes": 4,
            "email": "amruth@opal.dev",
            "expiration_date": "2024-03-25T17:36:49.66295Z",
            "full_name": "Amruth Venkatraman",
            "resource_id": "8f7811e8-8e07-4b46-82ca-b5cb9e0472bc",
            "user_id": "266692f7-006e-47fe-9ef3-a283a02e116d"
          },
          "sensitive_attributes": [],
          "dependencies": [
            "data.opal_app.custom",
            "data.opal_user.amruth",
            "opal_message_channel.my_messagechannel",
            "opal_owner.security",
            "opal_resource.sensitive_resource"
          ]
        }
      ]
    },
    {
      "mode": "managed",
      "type": "opal_tag",
      "name": "my_tag",
      "provider": "provider[\"registry.terraform.io/opalsecurity/opal\"]",
      "instances": [
        {
          "schema_version": 0,
          "attributes": {
            "created_at": "2024-03-25T18:28:09.784821Z",
            "id": "811afacc-c425-4d32-abb4-5e0400e0d01d",
            "key": "amruth-key",
            "updated_at": "2024-03-25T18:28:09.784821Z",
            "user_creator_id": "266692f7-006e-47fe-9ef3-a283a02e116d",
            "value": "amruth-value-updated2"
          },
          "sensitive_attributes": []
        }
      ]
    },
    {
      "mode": "managed",
      "type": "opal_tag_user",
      "name": "my_taguser",
      "provider": "provider[\"registry.terraform.io/opalsecurity/opal\"]",
      "instances": [
        {
          "schema_version": 0,
          "attributes": {
            "tag_id": "811afacc-c425-4d32-abb4-5e0400e0d01d",
            "user_id": "266692f7-006e-47fe-9ef3-a283a02e116d"
          },
          "sensitive_attributes": [],
          "dependencies": [
            "data.opal_user.amruth",
            "opal_tag.my_tag"
          ]
        }
      ]
    }
  ],
  "check_results": null
}
