lockVersion: 2.0.0
id: b5c8bf75-06e1-47c8-b9ae-ce49ba56069d
management:
  docChecksum: a107ffd47833df714c17fbb8f44eb9c0
  docVersion: "1.0"
  speakeasyVersion: 1.352.0
  generationVersion: 2.384.4
  releaseVersion: 0.23.7
  configChecksum: f6814dfdacb389e0eddca61bb7c19067
  repoURL: https://github.com/opalsecurity/terraform-provider-opal.git
  repoSubDirectory: .
  published: true
features:
  terraform:
    additionalDependencies: 0.1.0
    additionalProperties: 0.1.2
    constsAndDefaults: 0.1.4
    core: 3.24.6
    deprecations: 2.81.1
    globalSecurity: 2.81.6
    globalServerURLs: 2.82.1
    ignores: 2.81.1
    nameOverrides: 2.81.2
    nullables: 0.0.0
    retries: 2.81.1
    serverIDs: 2.81.1
    sets: 0.1.2
    unions: 2.81.15
generatedFiles:
  - internal/sdk/apps.go
  - internal/sdk/configurationtemplates.go
  - internal/sdk/events.go
  - internal/sdk/groupbindings.go
  - internal/sdk/groups.go
  - internal/sdk/messagechannels.go
  - internal/sdk/oncallschedules.go
  - internal/sdk/owners.go
  - internal/sdk/requests.go
  - internal/sdk/resources.go
  - internal/sdk/sessions.go
  - internal/sdk/tags.go
  - internal/sdk/uars.go
  - internal/sdk/users.go
  - internal/sdk/opalapi.go
  - internal/sdk/models/errors/sdkerror.go
  - internal/sdk/retry/config.go
  - internal/sdk/types/bigint.go
  - internal/sdk/types/date.go
  - internal/sdk/types/datetime.go
  - internal/sdk/types/decimal.go
  - internal/sdk/types/pointers.go
  - internal/sdk/internal/utils/contenttype.go
  - internal/sdk/internal/utils/form.go
  - internal/sdk/internal/utils/headers.go
  - internal/sdk/internal/utils/json.go
  - internal/sdk/internal/utils/pathparams.go
  - internal/sdk/internal/utils/queryparams.go
  - internal/sdk/internal/utils/requestbody.go
  - internal/sdk/internal/utils/retries.go
  - internal/sdk/internal/utils/security.go
  - internal/sdk/internal/utils/utils.go
  - internal/sdk/models/operations/getapps.go
  - internal/sdk/models/operations/getappid.go
  - internal/sdk/models/operations/createconfigurationtemplate.go
  - internal/sdk/models/operations/deleteconfigurationtemplate.go
  - internal/sdk/models/operations/getconfigurationtemplates.go
  - internal/sdk/models/operations/updateconfigurationtemplate.go
  - internal/sdk/models/operations/getevents.go
  - internal/sdk/models/operations/creategroupbinding.go
  - internal/sdk/models/operations/deletegroupbinding.go
  - internal/sdk/models/operations/getgroupbinding.go
  - internal/sdk/models/operations/getgroupbindings.go
  - internal/sdk/models/operations/updategroupbindings.go
  - internal/sdk/models/operations/creategroup.go
  - internal/sdk/models/operations/creategroupresources.go
  - internal/sdk/models/operations/creategroupuser.go
  - internal/sdk/models/operations/deletegroup.go
  - internal/sdk/models/operations/deletegroupuser.go
  - internal/sdk/models/operations/getgroup.go
  - internal/sdk/models/operations/getgroupmessagechannels.go
  - internal/sdk/models/operations/getgrouponcallschedules.go
  - internal/sdk/models/operations/getgroupresources.go
  - internal/sdk/models/operations/getgroupreviewersstages.go
  - internal/sdk/models/operations/getgrouptags.go
  - internal/sdk/models/operations/getgroupusers.go
  - internal/sdk/models/operations/getgroupvisibility.go
  - internal/sdk/models/operations/getgroups.go
  - internal/sdk/models/operations/updategroups.go
  - internal/sdk/models/operations/updategroupmessagechannels.go
  - internal/sdk/models/operations/updategrouponcallschedules.go
  - internal/sdk/models/operations/updategroupresources.go
  - internal/sdk/models/operations/updategroupreviewersstages.go
  - internal/sdk/models/operations/updategroupvisibility.go
  - internal/sdk/models/operations/createmessagechannel.go
  - internal/sdk/models/operations/getmessagechannels.go
  - internal/sdk/models/operations/getmessagechannelid.go
  - internal/sdk/models/operations/createoncallschedule.go
  - internal/sdk/models/operations/getoncallschedule.go
  - internal/sdk/models/operations/getoncallscheduleid.go
  - internal/sdk/models/operations/createowner.go
  - internal/sdk/models/operations/deleteowner.go
  - internal/sdk/models/operations/getowners.go
  - internal/sdk/models/operations/getownerfromname.go
  - internal/sdk/models/operations/getownerid.go
  - internal/sdk/models/operations/updateowners.go
  - internal/sdk/models/operations/updateownerusers.go
  - internal/sdk/models/operations/createrequest.go
  - internal/sdk/models/operations/getrequests.go
  - internal/sdk/models/operations/createresource.go
  - internal/sdk/models/operations/deleteresource.go
  - internal/sdk/models/operations/getresources.go
  - internal/sdk/models/operations/getresourceuseraccessstatus.go
  - internal/sdk/models/operations/getresourceid.go
  - internal/sdk/models/operations/getresourcemessagechannels.go
  - internal/sdk/models/operations/getresourcereviewers.go
  - internal/sdk/models/operations/getresourcetags.go
  - internal/sdk/models/operations/getresourceusers.go
  - internal/sdk/models/operations/getresourcevisibility.go
  - internal/sdk/models/operations/updateresources.go
  - internal/sdk/models/operations/updateresourcemessagechannels.go
  - internal/sdk/models/operations/updateresourcereviewers.go
  - internal/sdk/models/operations/updateresourcevisibility.go
  - internal/sdk/models/operations/getsessions.go
  - internal/sdk/models/operations/createtag.go
  - internal/sdk/models/operations/creategrouptag.go
  - internal/sdk/models/operations/createresourcetag.go
  - internal/sdk/models/operations/createusertag.go
  - internal/sdk/models/operations/deleteusertag.go
  - internal/sdk/models/operations/deletegrouptag.go
  - internal/sdk/models/operations/deleteresourcetag.go
  - internal/sdk/models/operations/deletetagbyid.go
  - internal/sdk/models/operations/gettagbyid.go
  - internal/sdk/models/operations/gettags.go
  - internal/sdk/models/operations/createuar.go
  - internal/sdk/models/operations/getuars.go
  - internal/sdk/models/operations/getuarid.go
  - internal/sdk/models/operations/getuser.go
  - internal/sdk/models/operations/getusertags.go
  - internal/sdk/models/operations/getusers.go
  - internal/sdk/models/shared/appslist.go
  - internal/sdk/models/shared/app.go
  - internal/sdk/models/shared/apptypeenum.go
  - internal/sdk/models/shared/configurationtemplate.go
  - internal/sdk/models/shared/visibilityinfo.go
  - internal/sdk/models/shared/visibilitytypeenum.go
  - internal/sdk/models/shared/ticketpropagationconfiguration.go
  - internal/sdk/models/shared/ticketingproviderenum.go
  - internal/sdk/models/shared/createconfigurationtemplateinfo.go
  - internal/sdk/models/shared/requestconfiguration.go
  - internal/sdk/models/shared/reviewerstage.go
  - internal/sdk/models/shared/condition.go
  - internal/sdk/models/shared/paginatedconfigurationtemplatelist.go
  - internal/sdk/models/shared/updateconfigurationtemplateinfo.go
  - internal/sdk/models/shared/paginatedeventlist.go
  - internal/sdk/models/shared/event.go
  - internal/sdk/models/shared/subevent.go
  - internal/sdk/models/shared/groupbinding.go
  - internal/sdk/models/shared/groupbindinggroup.go
  - internal/sdk/models/shared/grouptypeenum.go
  - internal/sdk/models/shared/creategroupbindinginfo.go
  - internal/sdk/models/shared/paginatedgroupbindingslist.go
  - internal/sdk/models/shared/updategroupbindinginfolist.go
  - internal/sdk/models/shared/updategroupbindinginfo.go
  - internal/sdk/models/shared/group.go
  - internal/sdk/models/shared/groupremoteinfo.go
  - internal/sdk/models/shared/creategroupinfo.go
  - internal/sdk/models/shared/groupresource.go
  - internal/sdk/models/shared/resourceaccesslevel.go
  - internal/sdk/models/shared/groupuser.go
  - internal/sdk/models/shared/groupaccesslevel.go
  - internal/sdk/models/shared/messagechannel.go
  - internal/sdk/models/shared/messagechannelproviderenum.go
  - internal/sdk/models/shared/oncallschedule.go
  - internal/sdk/models/shared/oncallscheduleproviderenum.go
  - internal/sdk/models/shared/groupresourcelist.go
  - internal/sdk/models/shared/tagslist.go
  - internal/sdk/models/shared/tag.go
  - internal/sdk/models/shared/groupuserlist.go
  - internal/sdk/models/shared/paginatedgroupslist.go
  - internal/sdk/models/shared/updategroupinfolist.go
  - internal/sdk/models/shared/updategroupinfo.go
  - internal/sdk/models/shared/messagechannelidlist.go
  - internal/sdk/models/shared/oncallscheduleidlist.go
  - internal/sdk/models/shared/updategroupresourcesinfo.go
  - internal/sdk/models/shared/resourcewithaccesslevel.go
  - internal/sdk/models/shared/reviewerstagelist.go
  - internal/sdk/models/shared/createmessagechannelinfo.go
  - internal/sdk/models/shared/messagechannellist.go
  - internal/sdk/models/shared/createoncallscheduleinfo.go
  - internal/sdk/models/shared/oncallschedulelist.go
  - internal/sdk/models/shared/owner.go
  - internal/sdk/models/shared/createownerinfo.go
  - internal/sdk/models/shared/paginatedownerslist.go
  - internal/sdk/models/shared/updateownerinfolist.go
  - internal/sdk/models/shared/updateownerinfo.go
  - internal/sdk/models/shared/userlist.go
  - internal/sdk/models/shared/user.go
  - internal/sdk/models/shared/userhridpstatusenum.go
  - internal/sdk/models/shared/useridlist.go
  - internal/sdk/models/shared/createrequestinfo.go
  - internal/sdk/models/shared/requesttemplatecustomfieldtypeenum.go
  - internal/sdk/models/shared/requestlist.go
  - internal/sdk/models/shared/request.go
  - internal/sdk/models/shared/requeststatusenum.go
  - internal/sdk/models/shared/requesteditem.go
  - internal/sdk/models/shared/requestcustomfieldresponse.go
  - internal/sdk/models/shared/resource.go
  - internal/sdk/models/shared/resourcetypeenum.go
  - internal/sdk/models/shared/resourceremoteinfo.go
  - internal/sdk/models/shared/createresourceinfo.go
  - internal/sdk/models/shared/paginatedresourceslist.go
  - internal/sdk/models/shared/resourceuseraccessstatus.go
  - internal/sdk/models/shared/resourceuseraccessstatusenum.go
  - internal/sdk/models/shared/resourceaccessuserlist.go
  - internal/sdk/models/shared/resourceaccessuser.go
  - internal/sdk/models/shared/updateresourceinfolist.go
  - internal/sdk/models/shared/updateresourceinfo.go
  - internal/sdk/models/shared/revieweridlist.go
  - internal/sdk/models/shared/sessionslist.go
  - internal/sdk/models/shared/session.go
  - internal/sdk/models/shared/createtaginfo.go
  - internal/sdk/models/shared/paginatedtagslist.go
  - internal/sdk/models/shared/uar.go
  - internal/sdk/models/shared/uarscope.go
  - internal/sdk/models/shared/tagfilter.go
  - internal/sdk/models/shared/uarreviewerassignmentpolicyenum.go
  - internal/sdk/models/shared/createuarinfo.go
  - internal/sdk/models/shared/paginateduarslist.go
  - internal/sdk/models/shared/paginateduserslist.go
  - internal/sdk/models/shared/security.go
  - internal/sdk/.gitignore
  - internal/sdk/models/operations/options.go
  - internal/sdk/.gitattributes
  - internal/sdk/internal/hooks/hooks.go
  - examples/README.md
  - go.mod
  - go.sum
  - internal/planmodifiers/boolplanmodifier/suppress_diff.go
  - internal/planmodifiers/float64planmodifier/suppress_diff.go
  - internal/planmodifiers/int64planmodifier/suppress_diff.go
  - internal/planmodifiers/listplanmodifier/suppress_diff.go
  - internal/planmodifiers/mapplanmodifier/suppress_diff.go
  - internal/planmodifiers/numberplanmodifier/suppress_diff.go
  - internal/planmodifiers/objectplanmodifier/suppress_diff.go
  - internal/planmodifiers/setplanmodifier/suppress_diff.go
  - internal/planmodifiers/stringplanmodifier/suppress_diff.go
  - internal/planmodifiers/utils/state_check.go
  - internal/provider/reflect/diags.go
  - internal/provider/reflect/doc.go
  - internal/provider/reflect/generic_attr_value.go
  - internal/provider/reflect/helpers.go
  - internal/provider/reflect/interfaces.go
  - internal/provider/reflect/into.go
  - internal/provider/reflect/map.go
  - internal/provider/reflect/number.go
  - internal/provider/reflect/options.go
  - internal/provider/reflect/outof.go
  - internal/provider/reflect/pointer.go
  - internal/provider/reflect/primitive.go
  - internal/provider/reflect/slice.go
  - internal/provider/reflect/struct.go
  - internal/provider/utils.go
  - internal/validators/DateValidator.go
  - internal/validators/ExactlyOneChild.go
  - internal/validators/JSONParseValidator.go
  - internal/validators/RFC3339Validator.go
  - internal/validators/boolvalidators/not_null.go
  - internal/validators/float64validators/not_null.go
  - internal/validators/int64validators/not_null.go
  - internal/validators/listvalidators/not_null.go
  - internal/validators/mapvalidators/not_null.go
  - internal/validators/numbervalidators/not_null.go
  - internal/validators/objectvalidators/not_null.go
  - internal/validators/setvalidators/not_null.go
  - internal/validators/stringvalidators/not_null.go
  - main.go
  - terraform-registry-manifest.json
  - tools/tools.go
  - internal/provider/types/condition.go
  - internal/provider/types/reviewer_stage.go
  - internal/provider/types/request_configuration.go
  - internal/provider/types/ticket_propagation_configuration.go
  - internal/provider/types/visibility_info.go
  - internal/provider/types/message_channel.go
  - internal/provider/types/get_group_message_channels_response_body.go
  - internal/provider/types/get_group_on_call_schedules_response_body.go
  - internal/provider/types/active_directory_group.go
  - internal/provider/types/github_team.go
  - internal/provider/types/group_remote_info.go
  - internal/provider/types/resource_access_level.go
  - internal/provider/types/group_resource1.go
  - internal/provider/types/resource_with_access_level.go
  - internal/provider/types/aws_account.go
  - internal/provider/types/aws_ec2_instance.go
  - internal/provider/types/aws_eks_cluster.go
  - internal/provider/types/aws_permission_set.go
  - internal/provider/types/aws_rds_instance.go
  - internal/provider/types/gcp_big_query_dataset.go
  - internal/provider/types/gcp_big_query_table.go
  - internal/provider/types/gcp_bucket.go
  - internal/provider/types/gcp_compute_instance.go
  - internal/provider/types/gcp_folder.go
  - internal/provider/types/gcp_gke_cluster.go
  - internal/provider/types/gcp_organization.go
  - internal/provider/types/gcp_project.go
  - internal/provider/types/gcp_sql_instance.go
  - internal/provider/types/github_repo.go
  - internal/provider/types/okta_app.go
  - internal/provider/types/okta_custom_role.go
  - internal/provider/types/okta_standard_role.go
  - internal/provider/types/pagerduty_role.go
  - internal/provider/types/salesforce_permission_set.go
  - internal/provider/types/salesforce_profile.go
  - internal/provider/types/resource_remote_info.go
  - internal/provider/types/app.go
  - internal/provider/types/configuration_template.go
  - internal/provider/types/sub_event.go
  - internal/provider/types/event.go
  - internal/provider/types/group.go
  - internal/provider/types/tag.go
  - internal/provider/types/group_user.go
  - internal/provider/types/owner.go
  - internal/provider/types/field_value.go
  - internal/provider/types/request_custom_field_response.go
  - internal/provider/types/requested_item.go
  - internal/provider/types/request.go
  - internal/provider/types/resource.go
  - internal/provider/types/resource_access_user.go
  - internal/provider/types/session.go
  - internal/provider/types/tag_filter.go
  - internal/provider/types/uar_scope.go
  - internal/provider/types/uar.go
  - internal/provider/types/user.go
  - USAGE.md
  - internal/provider/provider.go
  - examples/provider/provider.tf
  - internal/provider/configurationtemplate_resource.go
  - internal/provider/configurationtemplate_resource_sdk.go
  - examples/resources/opal_configuration_template/resource.tf
  - examples/resources/opal_group/import.sh
  - internal/provider/group_resource.go
  - internal/provider/group_resource_sdk.go
  - examples/resources/opal_group/resource.tf
  - examples/resources/opal_group_resource_list/import.sh
  - internal/provider/groupresourcelist_resource.go
  - internal/provider/groupresourcelist_resource_sdk.go
  - examples/resources/opal_group_resource_list/resource.tf
  - internal/provider/grouptag_resource.go
  - internal/provider/grouptag_resource_sdk.go
  - examples/resources/opal_group_tag/resource.tf
  - internal/provider/groupuser_resource.go
  - internal/provider/groupuser_resource_sdk.go
  - examples/resources/opal_group_user/resource.tf
  - examples/resources/opal_message_channel/import.sh
  - internal/provider/messagechannel_resource.go
  - internal/provider/messagechannel_resource_sdk.go
  - examples/resources/opal_message_channel/resource.tf
  - examples/resources/opal_on_call_schedule/import.sh
  - internal/provider/oncallschedule_resource.go
  - internal/provider/oncallschedule_resource_sdk.go
  - examples/resources/opal_on_call_schedule/resource.tf
  - examples/resources/opal_owner/import.sh
  - internal/provider/owner_resource.go
  - internal/provider/owner_resource_sdk.go
  - examples/resources/opal_owner/resource.tf
  - examples/resources/opal_resource/import.sh
  - internal/provider/resource_resource.go
  - internal/provider/resource_resource_sdk.go
  - examples/resources/opal_resource/resource.tf
  - internal/provider/resourcetag_resource.go
  - internal/provider/resourcetag_resource_sdk.go
  - examples/resources/opal_resource_tag/resource.tf
  - examples/resources/opal_tag/import.sh
  - internal/provider/tag_resource.go
  - internal/provider/tag_resource_sdk.go
  - examples/resources/opal_tag/resource.tf
  - internal/provider/taguser_resource.go
  - internal/provider/taguser_resource_sdk.go
  - examples/resources/opal_tag_user/resource.tf
  - internal/provider/app_data_source.go
  - internal/provider/app_data_source_sdk.go
  - examples/data-sources/opal_app/data-source.tf
  - internal/provider/apps_data_source.go
  - internal/provider/apps_data_source_sdk.go
  - examples/data-sources/opal_apps/data-source.tf
  - internal/provider/configurationtemplatelist_data_source.go
  - internal/provider/configurationtemplatelist_data_source_sdk.go
  - examples/data-sources/opal_configuration_template_list/data-source.tf
  - internal/provider/events_data_source.go
  - internal/provider/events_data_source_sdk.go
  - examples/data-sources/opal_events/data-source.tf
  - internal/provider/group_data_source.go
  - internal/provider/group_data_source_sdk.go
  - examples/data-sources/opal_group/data-source.tf
  - internal/provider/group_list_data_source.go
  - internal/provider/group_list_data_source_sdk.go
  - examples/data-sources/opal_group_list/data-source.tf
  - internal/provider/groupresourcelist_data_source.go
  - internal/provider/groupresourcelist_data_source_sdk.go
  - examples/data-sources/opal_group_resource_list/data-source.tf
  - internal/provider/groupreviewersstageslist_data_source.go
  - internal/provider/groupreviewersstageslist_data_source_sdk.go
  - examples/data-sources/opal_group_reviewers_stages_list/data-source.tf
  - internal/provider/grouptags_data_source.go
  - internal/provider/grouptags_data_source_sdk.go
  - examples/data-sources/opal_group_tags/data-source.tf
  - internal/provider/groupusers_data_source.go
  - internal/provider/groupusers_data_source_sdk.go
  - examples/data-sources/opal_group_users/data-source.tf
  - internal/provider/messagechannel_data_source.go
  - internal/provider/messagechannel_data_source_sdk.go
  - examples/data-sources/opal_message_channel/data-source.tf
  - internal/provider/messagechannellist_data_source.go
  - internal/provider/messagechannellist_data_source_sdk.go
  - examples/data-sources/opal_message_channel_list/data-source.tf
  - internal/provider/oncallschedule_data_source.go
  - internal/provider/oncallschedule_data_source_sdk.go
  - examples/data-sources/opal_on_call_schedule/data-source.tf
  - internal/provider/oncallschedule_list_data_source.go
  - internal/provider/oncallschedule_list_data_source_sdk.go
  - examples/data-sources/opal_on_call_schedule_list/data-source.tf
  - internal/provider/owner_data_source.go
  - internal/provider/owner_data_source_sdk.go
  - examples/data-sources/opal_owner/data-source.tf
  - internal/provider/ownerfromname_data_source.go
  - internal/provider/ownerfromname_data_source_sdk.go
  - examples/data-sources/opal_owner_from_name/data-source.tf
  - internal/provider/owners_data_source.go
  - internal/provider/owners_data_source_sdk.go
  - examples/data-sources/opal_owners/data-source.tf
  - internal/provider/requests_data_source.go
  - internal/provider/requests_data_source_sdk.go
  - examples/data-sources/opal_requests/data-source.tf
  - internal/provider/resource_data_source.go
  - internal/provider/resource_data_source_sdk.go
  - examples/data-sources/opal_resource/data-source.tf
  - internal/provider/resourcemessagechannellist_data_source.go
  - internal/provider/resourcemessagechannellist_data_source_sdk.go
  - examples/data-sources/opal_resource_message_channel_list/data-source.tf
  - internal/provider/resourcereviewerslist_data_source.go
  - internal/provider/resourcereviewerslist_data_source_sdk.go
  - examples/data-sources/opal_resource_reviewers_list/data-source.tf
  - internal/provider/resources_list_data_source.go
  - internal/provider/resources_list_data_source_sdk.go
  - examples/data-sources/opal_resources_list/data-source.tf
  - internal/provider/resourcesaccessstatus_data_source.go
  - internal/provider/resourcesaccessstatus_data_source_sdk.go
  - examples/data-sources/opal_resources_access_status/data-source.tf
  - internal/provider/resourcesusers_list_data_source.go
  - internal/provider/resourcesusers_list_data_source_sdk.go
  - examples/data-sources/opal_resources_users_list/data-source.tf
  - internal/provider/resourcetags_data_source.go
  - internal/provider/resourcetags_data_source_sdk.go
  - examples/data-sources/opal_resource_tags/data-source.tf
  - internal/provider/resourcevisibility_data_source.go
  - internal/provider/resourcevisibility_data_source_sdk.go
  - examples/data-sources/opal_resource_visibility/data-source.tf
  - internal/provider/sessions_data_source.go
  - internal/provider/sessions_data_source_sdk.go
  - examples/data-sources/opal_sessions/data-source.tf
  - internal/provider/tag_data_source.go
  - internal/provider/tag_data_source_sdk.go
  - examples/data-sources/opal_tag/data-source.tf
  - internal/provider/tags_list_data_source.go
  - internal/provider/tags_list_data_source_sdk.go
  - examples/data-sources/opal_tags_list/data-source.tf
  - internal/provider/uar_data_source.go
  - internal/provider/uar_data_source_sdk.go
  - examples/data-sources/opal_uar/data-source.tf
  - internal/provider/uars_list_data_source.go
  - internal/provider/uars_list_data_source_sdk.go
  - examples/data-sources/opal_uars_list/data-source.tf
  - internal/provider/user_data_source.go
  - internal/provider/user_data_source_sdk.go
  - examples/data-sources/opal_user/data-source.tf
  - internal/provider/users_data_source.go
  - internal/provider/users_data_source_sdk.go
  - examples/data-sources/opal_users/data-source.tf
  - internal/provider/usertags_data_source.go
  - internal/provider/usertags_data_source_sdk.go
  - examples/data-sources/opal_user_tags/data-source.tf
  - .gitattributes
