speakeasyVersion: 1.763.0
sources:
    opal-terraform-provider:
        sourceNamespace: opal-terraform-provider
        sourceRevisionDigest: sha256:d2d91423910906cf16ddafbc78fb1e91c4fa626c341a2c0f360da7ce31a9ca72
        sourceBlobDigest: sha256:907ebc95213a683b4fc5f39291ebf4fac87dacf8c08b660f3d7229ba869ac667
        tags:
            - latest
            - "1.0"
targets:
    terraform:
        source: opal-terraform-provider
        sourceNamespace: opal-terraform-provider
        sourceRevisionDigest: sha256:d2d91423910906cf16ddafbc78fb1e91c4fa626c341a2c0f360da7ce31a9ca72
        sourceBlobDigest: sha256:907ebc95213a683b4fc5f39291ebf4fac87dacf8c08b660f3d7229ba869ac667
workflow:
    workflowVersion: 1.0.0
    speakeasyVersion: latest
    sources:
        opal-terraform-provider:
            inputs:
                - location: https://app.opal.dev/openapi.yaml
            overlays:
                - location: terraform_overlay.yaml
            output: openapi.yaml
            registry:
                location: registry.speakeasyapi.dev/opal/opal/opal-terraform-provider
    targets:
        terraform:
            target: terraform
            source: opal-terraform-provider
            output: .
