speakeasyVersion: 1.494.0
sources:
    opal-terraform-provider:
        sourceNamespace: opal-terraform-provider
        sourceRevisionDigest: sha256:473b4dc7153fe6f22958c9c8d653262f45c29cdaca695d9a3a55bcb73102ce73
        sourceBlobDigest: sha256:03229dbabb5a052cba1c6f1e35646bf13550e3e33b09413dba5c9ee67a310924
        tags:
            - latest
            - speakeasy-sdk-regen-1737764051
            - "1.0"
targets:
    terraform:
        source: opal-terraform-provider
        sourceNamespace: opal-terraform-provider
        sourceRevisionDigest: sha256:473b4dc7153fe6f22958c9c8d653262f45c29cdaca695d9a3a55bcb73102ce73
        sourceBlobDigest: sha256:03229dbabb5a052cba1c6f1e35646bf13550e3e33b09413dba5c9ee67a310924
workflow:
    workflowVersion: 1.0.0
    speakeasyVersion: latest
    sources:
        opal-terraform-provider:
            inputs:
                - location: https://app.opal.dev/openapi.yaml
            overlays:
                - location: terraform_overlay.yaml
            output: openapi.yaml
            registry:
                location: registry.speakeasyapi.dev/opal/opal/opal-terraform-provider
    targets:
        terraform:
            target: terraform
            source: opal-terraform-provider
            output: .
