speakeasyVersion: 1.453.10
sources:
    opal-terraform-provider:
        sourceNamespace: opal-terraform-provider
        sourceRevisionDigest: sha256:88945f3d2a7cb9d09fb06cca5ffa39848278439422417e32803c0eab2f1ee1ea
        sourceBlobDigest: sha256:3f4913a5163e615e2c423b62227e1698b1c31a4b0089a77f9e9311938840b720
        tags:
            - latest
            - speakeasy-sdk-regen-1732148139
            - "1.0"
targets:
    terraform:
        source: opal-terraform-provider
        sourceNamespace: opal-terraform-provider
        sourceRevisionDigest: sha256:88945f3d2a7cb9d09fb06cca5ffa39848278439422417e32803c0eab2f1ee1ea
        sourceBlobDigest: sha256:3f4913a5163e615e2c423b62227e1698b1c31a4b0089a77f9e9311938840b720
workflow:
    workflowVersion: 1.0.0
    speakeasyVersion: latest
    sources:
        opal-terraform-provider:
            inputs:
                - location: https://app.opal.dev/openapi.yaml
            overlays:
                - location: terraform_overlay.yaml
            output: openapi.yaml
            registry:
                location: registry.speakeasyapi.dev/opal/opal/opal-terraform-provider
    targets:
        terraform:
            target: terraform
            source: opal-terraform-provider
            output: .
